// !$*UTF8*$!
{
	archiveVersion = 1;
	classes = {
	};
	objectVersion = 46;
	objects = {

/* Begin PBXBuildFile section */
		1572FD87191A1CC200EC6F70 /* Foundation.framework in Frameworks */ = {isa = PBXBuildFile; fileRef = 1572FD86191A1CC200EC6F70 /* Foundation.framework */; };
		1572FD89191A1CC200EC6F70 /* CoreGraphics.framework in Frameworks */ = {isa = PBXBuildFile; fileRef = 1572FD88191A1CC200EC6F70 /* CoreGraphics.framework */; };
		1572FD8B191A1CC200EC6F70 /* UIKit.framework in Frameworks */ = {isa = PBXBuildFile; fileRef = 1572FD8A191A1CC200EC6F70 /* UIKit.framework */; };
		1572FD91191A1CC200EC6F70 /* InfoPlist.strings in Resources */ = {isa = PBXBuildFile; fileRef = 1572FD8F191A1CC200EC6F70 /* InfoPlist.strings */; };
		1572FD93191A1CC200EC6F70 /* main.m in Sources */ = {isa = PBXBuildFile; fileRef = 1572FD92191A1CC200EC6F70 /* main.m */; };
		1572FD97191A1CC200EC6F70 /* CVAppDelegate.m in Sources */ = {isa = PBXBuildFile; fileRef = 1572FD96191A1CC200EC6F70 /* CVAppDelegate.m */; };
		1572FD99191A1CC200EC6F70 /* Images.xcassets in Resources */ = {isa = PBXBuildFile; fileRef = 1572FD98191A1CC200EC6F70 /* Images.xcassets */; };
		1572FDA0191A1CC200EC6F70 /* XCTest.framework in Frameworks */ = {isa = PBXBuildFile; fileRef = 1572FD9F191A1CC200EC6F70 /* XCTest.framework */; };
		1572FDA1191A1CC300EC6F70 /* Foundation.framework in Frameworks */ = {isa = PBXBuildFile; fileRef = 1572FD86191A1CC200EC6F70 /* Foundation.framework */; };
		1572FDA2191A1CC300EC6F70 /* UIKit.framework in Frameworks */ = {isa = PBXBuildFile; fileRef = 1572FD8A191A1CC200EC6F70 /* UIKit.framework */; };
		1572FDAA191A1CC300EC6F70 /* InfoPlist.strings in Resources */ = {isa = PBXBuildFile; fileRef = 1572FDA8191A1CC300EC6F70 /* InfoPlist.strings */; };
		1572FDAC191A1CC300EC6F70 /* CollectionView1Tests.m in Sources */ = {isa = PBXBuildFile; fileRef = 1572FDAB191A1CC300EC6F70 /* CollectionView1Tests.m */; };
		1572FDB6191A1CDD00EC6F70 /* main.storyboard in Resources */ = {isa = PBXBuildFile; fileRef = 1572FDB5191A1CDD00EC6F70 /* main.storyboard */; };
		1572FDB9191A1D1A00EC6F70 /* CVCollectionViewController.m in Sources */ = {isa = PBXBuildFile; fileRef = 1572FDB8191A1D1A00EC6F70 /* CVCollectionViewController.m */; };
/* End PBXBuildFile section */

/* Begin PBXContainerItemProxy section */
		1572FDA3191A1CC300EC6F70 /* PBXContainerItemProxy */ = {
			isa = PBXContainerItemProxy;
			containerPortal = 1572FD7B191A1CC200EC6F70 /* Project object */;
			proxyType = 1;
			remoteGlobalIDString = 1572FD82191A1CC200EC6F70;
			remoteInfo = CollectionView1;
		};
/* End PBXContainerItemProxy section */

/* Begin PBXFileReference section */
		1572FD83191A1CC200EC6F70 /* CollectionView1.app */ = {isa = PBXFileReference; explicitFileType = wrapper.application; includeInIndex = 0; path = CollectionView1.app; sourceTree = BUILT_PRODUCTS_DIR; };
		1572FD86191A1CC200EC6F70 /* Foundation.framework */ = {isa = PBXFileReference; lastKnownFileType = wrapper.framework; name = Foundation.framework; path = System/Library/Frameworks/Foundation.framework; sourceTree = SDKROOT; };
		1572FD88191A1CC200EC6F70 /* CoreGraphics.framework */ = {isa = PBXFileReference; lastKnownFileType = wrapper.framework; name = CoreGraphics.framework; path = System/Library/Frameworks/CoreGraphics.framework; sourceTree = SDKROOT; };
		1572FD8A191A1CC200EC6F70 /* UIKit.framework */ = {isa = PBXFileReference; lastKnownFileType = wrapper.framework; name = UIKit.framework; path = System/Library/Frameworks/UIKit.framework; sourceTree = SDKROOT; };
		1572FD8E191A1CC200EC6F70 /* CollectionView1-Info.plist */ = {isa = PBXFileReference; lastKnownFileType = text.plist.xml; path = "CollectionView1-Info.plist"; sourceTree = "<group>"; };
		1572FD90191A1CC200EC6F70 /* en */ = {isa = PBXFileReference; lastKnownFileType = text.plist.strings; name = en; path = en.lproj/InfoPlist.strings; sourceTree = "<group>"; };
		1572FD92191A1CC200EC6F70 /* main.m */ = {isa = PBXFileReference; lastKnownFileType = sourcecode.c.objc; path = main.m; sourceTree = "<group>"; };
		1572FD94191A1CC200EC6F70 /* CollectionView1-Prefix.pch */ = {isa = PBXFileReference; lastKnownFileType = sourcecode.c.h; path = "CollectionView1-Prefix.pch"; sourceTree = "<group>"; };
		1572FD95191A1CC200EC6F70 /* CVAppDelegate.h */ = {isa = PBXFileReference; lastKnownFileType = sourcecode.c.h; path = CVAppDelegate.h; sourceTree = "<group>"; };
		1572FD96191A1CC200EC6F70 /* CVAppDelegate.m */ = {isa = PBXFileReference; lastKnownFileType = sourcecode.c.objc; path = CVAppDelegate.m; sourceTree = "<group>"; };
		1572FD98191A1CC200EC6F70 /* Images.xcassets */ = {isa = PBXFileReference; lastKnownFileType = folder.assetcatalog; path = Images.xcassets; sourceTree = "<group>"; };
		1572FD9E191A1CC200EC6F70 /* CollectionView1Tests.xctest */ = {isa = PBXFileReference; explicitFileType = wrapper.cfbundle; includeInIndex = 0; path = CollectionView1Tests.xctest; sourceTree = BUILT_PRODUCTS_DIR; };
		1572FD9F191A1CC200EC6F70 /* XCTest.framework */ = {isa = PBXFileReference; lastKnownFileType = wrapper.framework; name = XCTest.framework; path = Library/Frameworks/XCTest.framework; sourceTree = DEVELOPER_DIR; };
		1572FDA7191A1CC300EC6F70 /* CollectionView1Tests-Info.plist */ = {isa = PBXFileReference; lastKnownFileType = text.plist.xml; path = "CollectionView1Tests-Info.plist"; sourceTree = "<group>"; };
		1572FDA9191A1CC300EC6F70 /* en */ = {isa = PBXFileReference; lastKnownFileType = text.plist.strings; name = en; path = en.lproj/InfoPlist.strings; sourceTree = "<group>"; };
		1572FDAB191A1CC300EC6F70 /* CollectionView1Tests.m */ = {isa = PBXFileReference; lastKnownFileType = sourcecode.c.objc; path = CollectionView1Tests.m; sourceTree = "<group>"; };
		1572FDB5191A1CDD00EC6F70 /* main.storyboard */ = {isa = PBXFileReference; fileEncoding = 4; lastKnownFileType = file.storyboard; path = main.storyboard; sourceTree = "<group>"; };
		1572FDB7191A1D1A00EC6F70 /* CVCollectionViewController.h */ = {isa = PBXFileReference; fileEncoding = 4; lastKnownFileType = sourcecode.c.h; path = CVCollectionViewController.h; sourceTree = "<group>"; };
		1572FDB8191A1D1A00EC6F70 /* CVCollectionViewController.m */ = {isa = PBXFileReference; fileEncoding = 4; lastKnownFileType = sourcecode.c.objc; path = CVCollectionViewController.m; sourceTree = "<group>"; };
/* End PBXFileReference section */

/* Begin PBXFrameworksBuildPhase section */
		1572FD80191A1CC200EC6F70 /* Frameworks */ = {
			isa = PBXFrameworksBuildPhase;
			buildActionMask = 2147483647;
			files = (
				1572FD89191A1CC200EC6F70 /* CoreGraphics.framework in Frameworks */,
				1572FD8B191A1CC200EC6F70 /* UIKit.framework in Frameworks */,
				1572FD87191A1CC200EC6F70 /* Foundation.framework in Frameworks */,
			);
			runOnlyForDeploymentPostprocessing = 0;
		};
		1572FD9B191A1CC200EC6F70 /* Frameworks */ = {
			isa = PBXFrameworksBuildPhase;
			buildActionMask = 2147483647;
			files = (
				1572FDA0191A1CC200EC6F70 /* XCTest.framework in Frameworks */,
				1572FDA2191A1CC300EC6F70 /* UIKit.framework in Frameworks */,
				1572FDA1191A1CC300EC6F70 /* Foundation.framework in Frameworks */,
			);
			runOnlyForDeploymentPostprocessing = 0;
		};
/* End PBXFrameworksBuildPhase section */

/* Begin PBXGroup section */
		1572FD7A191A1CC200EC6F70 = {
			isa = PBXGroup;
			children = (
				1572FD8C191A1CC200EC6F70 /* CollectionView1 */,
				1572FDA5191A1CC300EC6F70 /* CollectionView1Tests */,
				1572FD85191A1CC200EC6F70 /* Frameworks */,
				1572FD84191A1CC200EC6F70 /* Products */,
			);
			sourceTree = "<group>";
		};
		1572FD84191A1CC200EC6F70 /* Products */ = {
			isa = PBXGroup;
			children = (
				1572FD83191A1CC200EC6F70 /* CollectionView1.app */,
				1572FD9E191A1CC200EC6F70 /* CollectionView1Tests.xctest */,
			);
			name = Products;
			sourceTree = "<group>";
		};
		1572FD85191A1CC200EC6F70 /* Frameworks */ = {
			isa = PBXGroup;
			children = (
				1572FD86191A1CC200EC6F70 /* Foundation.framework */,
				1572FD88191A1CC200EC6F70 /* CoreGraphics.framework */,
				1572FD8A191A1CC200EC6F70 /* UIKit.framework */,
				1572FD9F191A1CC200EC6F70 /* XCTest.framework */,
			);
			name = Frameworks;
			sourceTree = "<group>";
		};
		1572FD8C191A1CC200EC6F70 /* CollectionView1 */ = {
			isa = PBXGroup;
			children = (
				1572FD95191A1CC200EC6F70 /* CVAppDelegate.h */,
				1572FD96191A1CC200EC6F70 /* CVAppDelegate.m */,
				1572FD98191A1CC200EC6F70 /* Images.xcassets */,
				1572FD8D191A1CC200EC6F70 /* Supporting Files */,
				1572FDB5191A1CDD00EC6F70 /* main.storyboard */,
				1572FDB7191A1D1A00EC6F70 /* CVCollectionViewController.h */,
				1572FDB8191A1D1A00EC6F70 /* CVCollectionViewController.m */,
			);
			path = CollectionView1;
			sourceTree = "<group>";
		};
		1572FD8D191A1CC200EC6F70 /* Supporting Files */ = {
			isa = PBXGroup;
			children = (
				1572FD8E191A1CC200EC6F70 /* CollectionView1-Info.plist */,
				1572FD8F191A1CC200EC6F70 /* InfoPlist.strings */,
				1572FD92191A1CC200EC6F70 /* main.m */,
				1572FD94191A1CC200EC6F70 /* CollectionView1-Prefix.pch */,
			);
			name = "Supporting Files";
			sourceTree = "<group>";
		};
		1572FDA5191A1CC300EC6F70 /* CollectionView1Tests */ = {
			isa = PBXGroup;
			children = (
				1572FDAB191A1CC300EC6F70 /* CollectionView1Tests.m */,
				1572FDA6191A1CC300EC6F70 /* Supporting Files */,
			);
			path = CollectionView1Tests;
			sourceTree = "<group>";
		};
		1572FDA6191A1CC300EC6F70 /* Supporting Files */ = {
			isa = PBXGroup;
			children = (
				1572FDA7191A1CC300EC6F70 /* CollectionView1Tests-Info.plist */,
				1572FDA8191A1CC300EC6F70 /* InfoPlist.strings */,
			);
			name = "Supporting Files";
			sourceTree = "<group>";
		};
/* End PBXGroup section */

/* Begin PBXNativeTarget section */
		1572FD82191A1CC200EC6F70 /* CollectionView1 */ = {
			isa = PBXNativeTarget;
			buildConfigurationList = 1572FDAF191A1CC300EC6F70 /* Build configuration list for PBXNativeTarget "CollectionView1" */;
			buildPhases = (
				1572FD7F191A1CC200EC6F70 /* Sources */,
				1572FD80191A1CC200EC6F70 /* Frameworks */,
				1572FD81191A1CC200EC6F70 /* Resources */,
			);
			buildRules = (
			);
			dependencies = (
			);
			name = CollectionView1;
			productName = CollectionView1;
			productReference = 1572FD83191A1CC200EC6F70 /* CollectionView1.app */;
			productType = "com.apple.product-type.application";
		};
		1572FD9D191A1CC200EC6F70 /* CollectionView1Tests */ = {
			isa = PBXNativeTarget;
			buildConfigurationList = 1572FDB2191A1CC300EC6F70 /* Build configuration list for PBXNativeTarget "CollectionView1Tests" */;
			buildPhases = (
				1572FD9A191A1CC200EC6F70 /* Sources */,
				1572FD9B191A1CC200EC6F70 /* Frameworks */,
				1572FD9C191A1CC200EC6F70 /* Resources */,
			);
			buildRules = (
			);
			dependencies = (
				1572FDA4191A1CC300EC6F70 /* PBXTargetDependency */,
			);
			name = CollectionView1Tests;
			productName = CollectionView1Tests;
			productReference = 1572FD9E191A1CC200EC6F70 /* CollectionView1Tests.xctest */;
			productType = "com.apple.product-type.bundle.unit-test";
		};
/* End PBXNativeTarget section */

/* Begin PBXProject section */
		1572FD7B191A1CC200EC6F70 /* Project object */ = {
			isa = PBXProject;
			attributes = {
				CLASSPREFIX = CV;
				LastUpgradeCheck = 0510;
				ORGANIZATIONNAME = GLSX;
				TargetAttributes = {
					1572FD9D191A1CC200EC6F70 = {
						TestTargetID = 1572FD82191A1CC200EC6F70;
					};
				};
			};
			buildConfigurationList = 1572FD7E191A1CC200EC6F70 /* Build configuration list for PBXProject "CollectionView1" */;
			compatibilityVersion = "Xcode 3.2";
			developmentRegion = English;
			hasScannedForEncodings = 0;
			knownRegions = (
				en,
			);
			mainGroup = 1572FD7A191A1CC200EC6F70;
			productRefGroup = 1572FD84191A1CC200EC6F70 /* Products */;
			projectDirPath = "";
			projectRoot = "";
			targets = (
				1572FD82191A1CC200EC6F70 /* CollectionView1 */,
				1572FD9D191A1CC200EC6F70 /* CollectionView1Tests */,
			);
		};
/* End PBXProject section */

/* Begin PBXResourcesBuildPhase section */
		1572FD81191A1CC200EC6F70 /* Resources */ = {
			isa = PBXResourcesBuildPhase;
			buildActionMask = 2147483647;
			files = (
				1572FD91191A1CC200EC6F70 /* InfoPlist.strings in Resources */,
				1572FDB6191A1CDD00EC6F70 /* main.storyboard in Resources */,
				1572FD99191A1CC200EC6F70 /* Images.xcassets in Resources */,
			);
			runOnlyForDeploymentPostprocessing = 0;
		};
		1572FD9C191A1CC200EC6F70 /* Resources */ = {
			isa = PBXResourcesBuildPhase;
			buildActionMask = 2147483647;
			files = (
				1572FDAA191A1CC300EC6F70 /* InfoPlist.strings in Resources */,
			);
			runOnlyForDeploymentPostprocessing = 0;
		};
/* End PBXResourcesBuildPhase section */

/* Begin PBXSourcesBuildPhase section */
		1572FD7F191A1CC200EC6F70 /* Sources */ = {
			isa = PBXSourcesBuildPhase;
			buildActionMask = 2147483647;
			files = (
				1572FD93191A1CC200EC6F70 /* main.m in Sources */,
				1572FD97191A1CC200EC6F70 /* CVAppDelegate.m in Sources */,
				1572FDB9191A1D1A00EC6F70 /* CVCollectionViewController.m in Sources */,
			);
			runOnlyForDeploymentPostprocessing = 0;
		};
		1572FD9A191A1CC200EC6F70 /* Sources */ = {
			isa = PBXSourcesBuildPhase;
			buildActionMask = 2147483647;
			files = (
				1572FDAC191A1CC300EC6F70 /* CollectionView1Tests.m in Sources */,
			);
			runOnlyForDeploymentPostprocessing = 0;
		};
/* End PBXSourcesBuildPhase section */

/* Begin PBXTargetDependency section */
		1572FDA4191A1CC300EC6F70 /* PBXTargetDependency */ = {
			isa = PBXTargetDependency;
			target = 1572FD82191A1CC200EC6F70 /* CollectionView1 */;
			targetProxy = 1572FDA3191A1CC300EC6F70 /* PBXContainerItemProxy */;
		};
/* End PBXTargetDependency section */

/* Begin PBXVariantGroup section */
		1572FD8F191A1CC200EC6F70 /* InfoPlist.strings */ = {
			isa = PBXVariantGroup;
			children = (
				1572FD90191A1CC200EC6F70 /* en */,
			);
			name = InfoPlist.strings;
			sourceTree = "<group>";
		};
		1572FDA8191A1CC300EC6F70 /* InfoPlist.strings */ = {
			isa = PBXVariantGroup;
			children = (
				1572FDA9191A1CC300EC6F70 /* en */,
			);
			name = InfoPlist.strings;
			sourceTree = "<group>";
		};
/* End PBXVariantGroup section */

/* Begin XCBuildConfiguration section */
		1572FDAD191A1CC300EC6F70 /* Debug */ = {
			isa = XCBuildConfiguration;
			buildSettings = {
				ALWAYS_SEARCH_USER_PATHS = NO;
				CLANG_CXX_LANGUAGE_STANDARD = "gnu++0x";
				CLANG_CXX_LIBRARY = "libc++";
				CLANG_ENABLE_MODULES = YES;
				CLANG_ENABLE_OBJC_ARC = YES;
				CLANG_WARN_BOOL_CONVERSION = YES;
				CLANG_WARN_CONSTANT_CONVERSION = YES;
				CLANG_WARN_DIRECT_OBJC_ISA_USAGE = YES_ERROR;
				CLANG_WARN_EMPTY_BODY = YES;
				CLANG_WARN_ENUM_CONVERSION = YES;
				CLANG_WARN_INT_CONVERSION = YES;
				CLANG_WARN_OBJC_ROOT_CLASS = YES_ERROR;
				CLANG_WARN__DUPLICATE_METHOD_MATCH = YES;
				"CODE_SIGN_IDENTITY[sdk=iphoneos*]" = "iPhone Developer";
				COPY_PHASE_STRIP = NO;
				GCC_C_LANGUAGE_STANDARD = gnu99;
				GCC_DYNAMIC_NO_PIC = NO;
				GCC_OPTIMIZATION_LEVEL = 0;
				GCC_PREPROCESSOR_DEFINITIONS = (
					"DEBUG=1",
					"$(inherited)",
				);
				GCC_SYMBOLS_PRIVATE_EXTERN = NO;
				GCC_WARN_64_TO_32_BIT_CONVERSION = YES;
				GCC_WARN_ABOUT_RETURN_TYPE = YES_ERROR;
				GCC_WARN_UNDECLARED_SELECTOR = YES;
				GCC_WARN_UNINITIALIZED_AUTOS = YES_AGGRESSIVE;
				GCC_WARN_UNUSED_FUNCTION = YES;
				GCC_WARN_UNUSED_VARIABLE = YES;
				IPHONEOS_DEPLOYMENT_TARGET = 7.1;
				ONLY_ACTIVE_ARCH = YES;
				SDKROOT = iphoneos;
				TARGETED_DEVICE_FAMILY = "1,2";
			};
			name = Debug;
		};
		1572FDAE191A1CC300EC6F70 /* Release */ = {
			isa = XCBuildConfiguration;
			buildSettings = {
				ALWAYS_SEARCH_USER_PATHS = NO;
				CLANG_CXX_LANGUAGE_STANDARD = "gnu++0x";
				CLANG_CXX_LIBRARY = "libc++";
				CLANG_ENABLE_MODULES = YES;
				CLANG_ENABLE_OBJC_ARC = YES;
				CLANG_WARN_BOOL_CONVERSION = YES;
				CLANG_WARN_CONSTANT_CONVERSION = YES;
				CLANG_WARN_DIRECT_OBJC_ISA_USAGE = YES_ERROR;
				CLANG_WARN_EMPTY_BODY = YES;
				CLANG_WARN_ENUM_CONVERSION = YES;
				CLANG_WARN_INT_CONVERSION = YES;
				CLANG_WARN_OBJC_ROOT_CLASS = YES_ERROR;
				CLANG_WARN__DUPLICATE_METHOD_MATCH = YES;
				"CODE_SIGN_IDENTITY[sdk=iphoneos*]" = "iPhone Developer";
				COPY_PHASE_STRIP = YES;
				ENABLE_NS_ASSERTIONS = NO;
				GCC_C_LANGUAGE_STANDARD = gnu99;
				GCC_WARN_64_TO_32_BIT_CONVERSION = YES;
				GCC_WARN_ABOUT_RETURN_TYPE = YES_ERROR;
				GCC_WARN_UNDECLARED_SELECTOR = YES;
				GCC_WARN_UNINITIALIZED_AUTOS = YES_AGGRESSIVE;
				GCC_WARN_UNUSED_FUNCTION = YES;
				GCC_WARN_UNUSED_VARIABLE = YES;
				IPHONEOS_DEPLOYMENT_TARGET = 7.1;
				SDKROOT = iphoneos;
				TARGETED_DEVICE_FAMILY = "1,2";
				VALIDATE_PRODUCT = YES;
			};
			name = Release;
		};
		1572FDB0191A1CC300EC6F70 /* Debug */ = {
			isa = XCBuildConfiguration;
			buildSettings = {
				ASSETCATALOG_COMPILER_APPICON_NAME = AppIcon;
				ASSETCATALOG_COMPILER_LAUNCHIMAGE_NAME = LaunchImage;
				GCC_PRECOMPILE_PREFIX_HEADER = YES;
				GCC_PREFIX_HEADER = "CollectionView1/CollectionView1-Prefix.pch";
				INFOPLIST_FILE = "CollectionView1/CollectionView1-Info.plist";
				PRODUCT_NAME = "$(TARGET_NAME)";
				WRAPPER_EXTENSION = app;
			};
			name = Debug;
		};
		1572FDB1191A1CC300EC6F70 /* Release */ = {
			isa = XCBuildConfiguration;
			buildSettings = {
				ASSETCATALOG_COMPILER_APPICON_NAME = AppIcon;
				ASSETCATALOG_COMPILER_LAUNCHIMAGE_NAME = LaunchImage;
				GCC_PRECOMPILE_PREFIX_HEADER = YES;
				GCC_PREFIX_HEADER = "CollectionView1/CollectionView1-Prefix.pch";
				INFOPLIST_FILE = "CollectionView1/CollectionView1-Info.plist";
				PRODUCT_NAME = "$(TARGET_NAME)";
				WRAPPER_EXTENSION = app;
			};
			name = Release;
		};
		1572FDB3191A1CC300EC6F70 /* Debug */ = {
			isa = XCBuildConfiguration;
			buildSettings = {
				BUNDLE_LOADER = "$(BUILT_PRODUCTS_DIR)/CollectionView1.app/CollectionView1";
				FRAMEWORK_SEARCH_PATHS = (
					"$(SDKROOT)/Developer/Library/Frameworks",
					"$(inherited)",
					"$(DEVELOPER_FRAMEWORKS_DIR)",
				);
				GCC_PRECOMPILE_PREFIX_HEADER = YES;
				GCC_PREFIX_HEADER = "CollectionView1/CollectionView1-Prefix.pch";
				GCC_PREPROCESSOR_DEFINITIONS = (
					"DEBUG=1",
					"$(inherited)",
				);
				INFOPLIST_FILE = "CollectionView1Tests/CollectionView1Tests-Info.plist";
				PRODUCT_NAME = "$(TARGET_NAME)";
				TEST_HOST = "$(BUNDLE_LOADER)";
				WRAPPER_EXTENSION = xctest;
			};
			name = Debug;
		};
		1572FDB4191A1CC300EC6F70 /* Release */ = {
			isa = XCBuildConfiguration;
			buildSettings = {
				BUNDLE_LOADER = "$(BUILT_PRODUCTS_DIR)/CollectionView1.app/CollectionView1";
				FRAMEWORK_SEARCH_PATHS = (
					"$(SDKROOT)/Developer/Library/Frameworks",
					"$(inherited)",
					"$(DEVELOPER_FRAMEWORKS_DIR)",
				);
				GCC_PRECOMPILE_PREFIX_HEADER = YES;
				GCC_PREFIX_HEADER = "CollectionView1/CollectionView1-Prefix.pch";
				INFOPLIST_FILE = "CollectionView1Tests/CollectionView1Tests-Info.plist";
				PRODUCT_NAME = "$(TARGET_NAME)";
				TEST_HOST = "$(BUNDLE_LOADER)";
				WRAPPER_EXTENSION = xctest;
			};
			name = Release;
		};
/* End XCBuildConfiguration section */

/* Begin XCConfigurationList section */
		1572FD7E191A1CC200EC6F70 /* Build configuration list for PBXProject "CollectionView1" */ = {
			isa = XCConfigurationList;
			buildConfigurations = (
				1572FDAD191A1CC300EC6F70 /* Debug */,
				1572FDAE191A1CC300EC6F70 /* Release */,
			);
			defaultConfigurationIsVisible = 0;
			defaultConfigurationName = Release;
		};
		1572FDAF191A1CC300EC6F70 /* Build configuration list for PBXNativeTarget "CollectionView1" */ = {
			isa = XCConfigurationList;
			buildConfigurations = (
				1572FDB0191A1CC300EC6F70 /* Debug */,
				1572FDB1191A1CC300EC6F70 /* Release */,
			);
			defaultConfigurationIsVisible = 0;
		};
		1572FDB2191A1CC300EC6F70 /* Build configuration list for PBXNativeTarget "CollectionView1Tests" */ = {
			isa = XCConfigurationList;
			buildConfigurations = (
				1572FDB3191A1CC300EC6F70 /* Debug */,
				1572FDB4191A1CC300EC6F70 /* Release */,
			);
			defaultConfigurationIsVisible = 0;
		};
/* End XCConfigurationList section */
	};
	rootObject = 1572FD7B191A1CC200EC6F70 /* Project object */;
}
