// !$*UTF8*$!
{
	archiveVersion = 1;
	classes = {
	};
	objectVersion = 46;
	objects = {

/* Begin PBXBuildFile section */
		1576003D1916293200154132 /* Foundation.framework in Frameworks */ = {isa = PBXBuildFile; fileRef = 1576003C1916293200154132 /* Foundation.framework */; };
		1576003F1916293200154132 /* CoreGraphics.framework in Frameworks */ = {isa = PBXBuildFile; fileRef = 1576003E1916293200154132 /* CoreGraphics.framework */; };
		157600411916293200154132 /* UIKit.framework in Frameworks */ = {isa = PBXBuildFile; fileRef = 157600401916293200154132 /* UIKit.framework */; };
		157600431916293200154132 /* CoreData.framework in Frameworks */ = {isa = PBXBuildFile; fileRef = 157600421916293200154132 /* CoreData.framework */; };
		157600491916293200154132 /* InfoPlist.strings in Resources */ = {isa = PBXBuildFile; fileRef = 157600471916293200154132 /* InfoPlist.strings */; };
		1576004B1916293200154132 /* main.m in Sources */ = {isa = PBXBuildFile; fileRef = 1576004A1916293200154132 /* main.m */; };
		1576004F1916293200154132 /* CDAppDelegate.m in Sources */ = {isa = PBXBuildFile; fileRef = 1576004E1916293200154132 /* CDAppDelegate.m */; };
		157600521916293200154132 /* CoreData10.xcdatamodeld in Sources */ = {isa = PBXBuildFile; fileRef = 157600501916293200154132 /* CoreData10.xcdatamodeld */; };
		157600541916293200154132 /* Images.xcassets in Resources */ = {isa = PBXBuildFile; fileRef = 157600531916293200154132 /* Images.xcassets */; };
		1576005B1916293200154132 /* XCTest.framework in Frameworks */ = {isa = PBXBuildFile; fileRef = 1576005A1916293200154132 /* XCTest.framework */; };
		1576005C1916293200154132 /* Foundation.framework in Frameworks */ = {isa = PBXBuildFile; fileRef = 1576003C1916293200154132 /* Foundation.framework */; };
		1576005D1916293200154132 /* UIKit.framework in Frameworks */ = {isa = PBXBuildFile; fileRef = 157600401916293200154132 /* UIKit.framework */; };
		1576005E1916293200154132 /* CoreData.framework in Frameworks */ = {isa = PBXBuildFile; fileRef = 157600421916293200154132 /* CoreData.framework */; };
		157600661916293200154132 /* InfoPlist.strings in Resources */ = {isa = PBXBuildFile; fileRef = 157600641916293200154132 /* InfoPlist.strings */; };
		157600681916293200154132 /* CoreData10Tests.m in Sources */ = {isa = PBXBuildFile; fileRef = 157600671916293200154132 /* CoreData10Tests.m */; };
		15760073191629A100154132 /* CDColorTransformer.m in Sources */ = {isa = PBXBuildFile; fileRef = 15760072191629A100154132 /* CDColorTransformer.m */; };
		157600761916303000154132 /* Laptop.m in Sources */ = {isa = PBXBuildFile; fileRef = 157600751916303000154132 /* Laptop.m */; };
/* End PBXBuildFile section */

/* Begin PBXContainerItemProxy section */
		1576005F1916293200154132 /* PBXContainerItemProxy */ = {
			isa = PBXContainerItemProxy;
			containerPortal = 157600311916293200154132 /* Project object */;
			proxyType = 1;
			remoteGlobalIDString = 157600381916293200154132;
			remoteInfo = CoreData10;
		};
/* End PBXContainerItemProxy section */

/* Begin PBXFileReference section */
		157600391916293200154132 /* CoreData10.app */ = {isa = PBXFileReference; explicitFileType = wrapper.application; includeInIndex = 0; path = CoreData10.app; sourceTree = BUILT_PRODUCTS_DIR; };
		1576003C1916293200154132 /* Foundation.framework */ = {isa = PBXFileReference; lastKnownFileType = wrapper.framework; name = Foundation.framework; path = System/Library/Frameworks/Foundation.framework; sourceTree = SDKROOT; };
		1576003E1916293200154132 /* CoreGraphics.framework */ = {isa = PBXFileReference; lastKnownFileType = wrapper.framework; name = CoreGraphics.framework; path = System/Library/Frameworks/CoreGraphics.framework; sourceTree = SDKROOT; };
		157600401916293200154132 /* UIKit.framework */ = {isa = PBXFileReference; lastKnownFileType = wrapper.framework; name = UIKit.framework; path = System/Library/Frameworks/UIKit.framework; sourceTree = SDKROOT; };
		157600421916293200154132 /* CoreData.framework */ = {isa = PBXFileReference; lastKnownFileType = wrapper.framework; name = CoreData.framework; path = System/Library/Frameworks/CoreData.framework; sourceTree = SDKROOT; };
		157600461916293200154132 /* CoreData10-Info.plist */ = {isa = PBXFileReference; lastKnownFileType = text.plist.xml; path = "CoreData10-Info.plist"; sourceTree = "<group>"; };
		157600481916293200154132 /* en */ = {isa = PBXFileReference; lastKnownFileType = text.plist.strings; name = en; path = en.lproj/InfoPlist.strings; sourceTree = "<group>"; };
		1576004A1916293200154132 /* main.m */ = {isa = PBXFileReference; lastKnownFileType = sourcecode.c.objc; path = main.m; sourceTree = "<group>"; };
		1576004C1916293200154132 /* CoreData10-Prefix.pch */ = {isa = PBXFileReference; lastKnownFileType = sourcecode.c.h; path = "CoreData10-Prefix.pch"; sourceTree = "<group>"; };
		1576004D1916293200154132 /* CDAppDelegate.h */ = {isa = PBXFileReference; lastKnownFileType = sourcecode.c.h; path = CDAppDelegate.h; sourceTree = "<group>"; };
		1576004E1916293200154132 /* CDAppDelegate.m */ = {isa = PBXFileReference; lastKnownFileType = sourcecode.c.objc; path = CDAppDelegate.m; sourceTree = "<group>"; };
		157600511916293200154132 /* CoreData10.xcdatamodel */ = {isa = PBXFileReference; lastKnownFileType = wrapper.xcdatamodel; path = CoreData10.xcdatamodel; sourceTree = "<group>"; };
		157600531916293200154132 /* Images.xcassets */ = {isa = PBXFileReference; lastKnownFileType = folder.assetcatalog; path = Images.xcassets; sourceTree = "<group>"; };
		157600591916293200154132 /* CoreData10Tests.xctest */ = {isa = PBXFileReference; explicitFileType = wrapper.cfbundle; includeInIndex = 0; path = CoreData10Tests.xctest; sourceTree = BUILT_PRODUCTS_DIR; };
		1576005A1916293200154132 /* XCTest.framework */ = {isa = PBXFileReference; lastKnownFileType = wrapper.framework; name = XCTest.framework; path = Library/Frameworks/XCTest.framework; sourceTree = DEVELOPER_DIR; };
		157600631916293200154132 /* CoreData10Tests-Info.plist */ = {isa = PBXFileReference; lastKnownFileType = text.plist.xml; path = "CoreData10Tests-Info.plist"; sourceTree = "<group>"; };
		157600651916293200154132 /* en */ = {isa = PBXFileReference; lastKnownFileType = text.plist.strings; name = en; path = en.lproj/InfoPlist.strings; sourceTree = "<group>"; };
		157600671916293200154132 /* CoreData10Tests.m */ = {isa = PBXFileReference; lastKnownFileType = sourcecode.c.objc; path = CoreData10Tests.m; sourceTree = "<group>"; };
		15760071191629A100154132 /* CDColorTransformer.h */ = {isa = PBXFileReference; fileEncoding = 4; lastKnownFileType = sourcecode.c.h; path = CDColorTransformer.h; sourceTree = "<group>"; };
		15760072191629A100154132 /* CDColorTransformer.m */ = {isa = PBXFileReference; fileEncoding = 4; lastKnownFileType = sourcecode.c.objc; path = CDColorTransformer.m; sourceTree = "<group>"; };
		157600741916303000154132 /* Laptop.h */ = {isa = PBXFileReference; fileEncoding = 4; lastKnownFileType = sourcecode.c.h; path = Laptop.h; sourceTree = "<group>"; };
		157600751916303000154132 /* Laptop.m */ = {isa = PBXFileReference; fileEncoding = 4; lastKnownFileType = sourcecode.c.objc; path = Laptop.m; sourceTree = "<group>"; };
/* End PBXFileReference section */

/* Begin PBXFrameworksBuildPhase section */
		157600361916293200154132 /* Frameworks */ = {
			isa = PBXFrameworksBuildPhase;
			buildActionMask = 2147483647;
			files = (
				1576003F1916293200154132 /* CoreGraphics.framework in Frameworks */,
				157600431916293200154132 /* CoreData.framework in Frameworks */,
				157600411916293200154132 /* UIKit.framework in Frameworks */,
				1576003D1916293200154132 /* Foundation.framework in Frameworks */,
			);
			runOnlyForDeploymentPostprocessing = 0;
		};
		157600561916293200154132 /* Frameworks */ = {
			isa = PBXFrameworksBuildPhase;
			buildActionMask = 2147483647;
			files = (
				1576005B1916293200154132 /* XCTest.framework in Frameworks */,
				1576005E1916293200154132 /* CoreData.framework in Frameworks */,
				1576005D1916293200154132 /* UIKit.framework in Frameworks */,
				1576005C1916293200154132 /* Foundation.framework in Frameworks */,
			);
			runOnlyForDeploymentPostprocessing = 0;
		};
/* End PBXFrameworksBuildPhase section */

/* Begin PBXGroup section */
		157600301916293200154132 = {
			isa = PBXGroup;
			children = (
				157600441916293200154132 /* CoreData10 */,
				157600611916293200154132 /* CoreData10Tests */,
				1576003B1916293200154132 /* Frameworks */,
				1576003A1916293200154132 /* Products */,
			);
			sourceTree = "<group>";
		};
		1576003A1916293200154132 /* Products */ = {
			isa = PBXGroup;
			children = (
				157600391916293200154132 /* CoreData10.app */,
				157600591916293200154132 /* CoreData10Tests.xctest */,
			);
			name = Products;
			sourceTree = "<group>";
		};
		1576003B1916293200154132 /* Frameworks */ = {
			isa = PBXGroup;
			children = (
				1576003C1916293200154132 /* Foundation.framework */,
				1576003E1916293200154132 /* CoreGraphics.framework */,
				157600401916293200154132 /* UIKit.framework */,
				157600421916293200154132 /* CoreData.framework */,
				1576005A1916293200154132 /* XCTest.framework */,
			);
			name = Frameworks;
			sourceTree = "<group>";
		};
		157600441916293200154132 /* CoreData10 */ = {
			isa = PBXGroup;
			children = (
				1576004D1916293200154132 /* CDAppDelegate.h */,
				1576004E1916293200154132 /* CDAppDelegate.m */,
				157600531916293200154132 /* Images.xcassets */,
				157600501916293200154132 /* CoreData10.xcdatamodeld */,
				157600451916293200154132 /* Supporting Files */,
				15760071191629A100154132 /* CDColorTransformer.h */,
				15760072191629A100154132 /* CDColorTransformer.m */,
				157600741916303000154132 /* Laptop.h */,
				157600751916303000154132 /* Laptop.m */,
			);
			path = CoreData10;
			sourceTree = "<group>";
		};
		157600451916293200154132 /* Supporting Files */ = {
			isa = PBXGroup;
			children = (
				157600461916293200154132 /* CoreData10-Info.plist */,
				157600471916293200154132 /* InfoPlist.strings */,
				1576004A1916293200154132 /* main.m */,
				1576004C1916293200154132 /* CoreData10-Prefix.pch */,
			);
			name = "Supporting Files";
			sourceTree = "<group>";
		};
		157600611916293200154132 /* CoreData10Tests */ = {
			isa = PBXGroup;
			children = (
				157600671916293200154132 /* CoreData10Tests.m */,
				157600621916293200154132 /* Supporting Files */,
			);
			path = CoreData10Tests;
			sourceTree = "<group>";
		};
		157600621916293200154132 /* Supporting Files */ = {
			isa = PBXGroup;
			children = (
				157600631916293200154132 /* CoreData10Tests-Info.plist */,
				157600641916293200154132 /* InfoPlist.strings */,
			);
			name = "Supporting Files";
			sourceTree = "<group>";
		};
/* End PBXGroup section */

/* Begin PBXNativeTarget section */
		157600381916293200154132 /* CoreData10 */ = {
			isa = PBXNativeTarget;
			buildConfigurationList = 1576006B1916293200154132 /* Build configuration list for PBXNativeTarget "CoreData10" */;
			buildPhases = (
				157600351916293200154132 /* Sources */,
				157600361916293200154132 /* Frameworks */,
				157600371916293200154132 /* Resources */,
			);
			buildRules = (
			);
			dependencies = (
			);
			name = CoreData10;
			productName = CoreData10;
			productReference = 157600391916293200154132 /* CoreData10.app */;
			productType = "com.apple.product-type.application";
		};
		157600581916293200154132 /* CoreData10Tests */ = {
			isa = PBXNativeTarget;
			buildConfigurationList = 1576006E1916293200154132 /* Build configuration list for PBXNativeTarget "CoreData10Tests" */;
			buildPhases = (
				157600551916293200154132 /* Sources */,
				157600561916293200154132 /* Frameworks */,
				157600571916293200154132 /* Resources */,
			);
			buildRules = (
			);
			dependencies = (
				157600601916293200154132 /* PBXTargetDependency */,
			);
			name = CoreData10Tests;
			productName = CoreData10Tests;
			productReference = 157600591916293200154132 /* CoreData10Tests.xctest */;
			productType = "com.apple.product-type.bundle.unit-test";
		};
/* End PBXNativeTarget section */

/* Begin PBXProject section */
		157600311916293200154132 /* Project object */ = {
			isa = PBXProject;
			attributes = {
				CLASSPREFIX = CD;
				LastUpgradeCheck = 0510;
				ORGANIZATIONNAME = GLSX;
				TargetAttributes = {
					157600581916293200154132 = {
						TestTargetID = 157600381916293200154132;
					};
				};
			};
			buildConfigurationList = 157600341916293200154132 /* Build configuration list for PBXProject "CoreData10" */;
			compatibilityVersion = "Xcode 3.2";
			developmentRegion = English;
			hasScannedForEncodings = 0;
			knownRegions = (
				en,
			);
			mainGroup = 157600301916293200154132;
			productRefGroup = 1576003A1916293200154132 /* Products */;
			projectDirPath = "";
			projectRoot = "";
			targets = (
				157600381916293200154132 /* CoreData10 */,
				157600581916293200154132 /* CoreData10Tests */,
			);
		};
/* End PBXProject section */

/* Begin PBXResourcesBuildPhase section */
		157600371916293200154132 /* Resources */ = {
			isa = PBXResourcesBuildPhase;
			buildActionMask = 2147483647;
			files = (
				157600491916293200154132 /* InfoPlist.strings in Resources */,
				157600541916293200154132 /* Images.xcassets in Resources */,
			);
			runOnlyForDeploymentPostprocessing = 0;
		};
		157600571916293200154132 /* Resources */ = {
			isa = PBXResourcesBuildPhase;
			buildActionMask = 2147483647;
			files = (
				157600661916293200154132 /* InfoPlist.strings in Resources */,
			);
			runOnlyForDeploymentPostprocessing = 0;
		};
/* End PBXResourcesBuildPhase section */

/* Begin PBXSourcesBuildPhase section */
		157600351916293200154132 /* Sources */ = {
			isa = PBXSourcesBuildPhase;
			buildActionMask = 2147483647;
			files = (
				15760073191629A100154132 /* CDColorTransformer.m in Sources */,
				1576004B1916293200154132 /* main.m in Sources */,
				157600521916293200154132 /* CoreData10.xcdatamodeld in Sources */,
				157600761916303000154132 /* Laptop.m in Sources */,
				1576004F1916293200154132 /* CDAppDelegate.m in Sources */,
			);
			runOnlyForDeploymentPostprocessing = 0;
		};
		157600551916293200154132 /* Sources */ = {
			isa = PBXSourcesBuildPhase;
			buildActionMask = 2147483647;
			files = (
				157600681916293200154132 /* CoreData10Tests.m in Sources */,
			);
			runOnlyForDeploymentPostprocessing = 0;
		};
/* End PBXSourcesBuildPhase section */

/* Begin PBXTargetDependency section */
		157600601916293200154132 /* PBXTargetDependency */ = {
			isa = PBXTargetDependency;
			target = 157600381916293200154132 /* CoreData10 */;
			targetProxy = 1576005F1916293200154132 /* PBXContainerItemProxy */;
		};
/* End PBXTargetDependency section */

/* Begin PBXVariantGroup section */
		157600471916293200154132 /* InfoPlist.strings */ = {
			isa = PBXVariantGroup;
			children = (
				157600481916293200154132 /* en */,
			);
			name = InfoPlist.strings;
			sourceTree = "<group>";
		};
		157600641916293200154132 /* InfoPlist.strings */ = {
			isa = PBXVariantGroup;
			children = (
				157600651916293200154132 /* en */,
			);
			name = InfoPlist.strings;
			sourceTree = "<group>";
		};
/* End PBXVariantGroup section */

/* Begin XCBuildConfiguration section */
		157600691916293200154132 /* Debug */ = {
			isa = XCBuildConfiguration;
			buildSettings = {
				ALWAYS_SEARCH_USER_PATHS = NO;
				CLANG_CXX_LANGUAGE_STANDARD = "gnu++0x";
				CLANG_CXX_LIBRARY = "libc++";
				CLANG_ENABLE_MODULES = YES;
				CLANG_ENABLE_OBJC_ARC = YES;
				CLANG_WARN_BOOL_CONVERSION = YES;
				CLANG_WARN_CONSTANT_CONVERSION = YES;
				CLANG_WARN_DIRECT_OBJC_ISA_USAGE = YES_ERROR;
				CLANG_WARN_EMPTY_BODY = YES;
				CLANG_WARN_ENUM_CONVERSION = YES;
				CLANG_WARN_INT_CONVERSION = YES;
				CLANG_WARN_OBJC_ROOT_CLASS = YES_ERROR;
				CLANG_WARN__DUPLICATE_METHOD_MATCH = YES;
				"CODE_SIGN_IDENTITY[sdk=iphoneos*]" = "iPhone Developer";
				COPY_PHASE_STRIP = NO;
				GCC_C_LANGUAGE_STANDARD = gnu99;
				GCC_DYNAMIC_NO_PIC = NO;
				GCC_OPTIMIZATION_LEVEL = 0;
				GCC_PREPROCESSOR_DEFINITIONS = (
					"DEBUG=1",
					"$(inherited)",
				);
				GCC_SYMBOLS_PRIVATE_EXTERN = NO;
				GCC_WARN_64_TO_32_BIT_CONVERSION = YES;
				GCC_WARN_ABOUT_RETURN_TYPE = YES_ERROR;
				GCC_WARN_UNDECLARED_SELECTOR = YES;
				GCC_WARN_UNINITIALIZED_AUTOS = YES_AGGRESSIVE;
				GCC_WARN_UNUSED_FUNCTION = YES;
				GCC_WARN_UNUSED_VARIABLE = YES;
				IPHONEOS_DEPLOYMENT_TARGET = 7.1;
				ONLY_ACTIVE_ARCH = YES;
				SDKROOT = iphoneos;
				TARGETED_DEVICE_FAMILY = "1,2";
			};
			name = Debug;
		};
		1576006A1916293200154132 /* Release */ = {
			isa = XCBuildConfiguration;
			buildSettings = {
				ALWAYS_SEARCH_USER_PATHS = NO;
				CLANG_CXX_LANGUAGE_STANDARD = "gnu++0x";
				CLANG_CXX_LIBRARY = "libc++";
				CLANG_ENABLE_MODULES = YES;
				CLANG_ENABLE_OBJC_ARC = YES;
				CLANG_WARN_BOOL_CONVERSION = YES;
				CLANG_WARN_CONSTANT_CONVERSION = YES;
				CLANG_WARN_DIRECT_OBJC_ISA_USAGE = YES_ERROR;
				CLANG_WARN_EMPTY_BODY = YES;
				CLANG_WARN_ENUM_CONVERSION = YES;
				CLANG_WARN_INT_CONVERSION = YES;
				CLANG_WARN_OBJC_ROOT_CLASS = YES_ERROR;
				CLANG_WARN__DUPLICATE_METHOD_MATCH = YES;
				"CODE_SIGN_IDENTITY[sdk=iphoneos*]" = "iPhone Developer";
				COPY_PHASE_STRIP = YES;
				ENABLE_NS_ASSERTIONS = NO;
				GCC_C_LANGUAGE_STANDARD = gnu99;
				GCC_WARN_64_TO_32_BIT_CONVERSION = YES;
				GCC_WARN_ABOUT_RETURN_TYPE = YES_ERROR;
				GCC_WARN_UNDECLARED_SELECTOR = YES;
				GCC_WARN_UNINITIALIZED_AUTOS = YES_AGGRESSIVE;
				GCC_WARN_UNUSED_FUNCTION = YES;
				GCC_WARN_UNUSED_VARIABLE = YES;
				IPHONEOS_DEPLOYMENT_TARGET = 7.1;
				SDKROOT = iphoneos;
				TARGETED_DEVICE_FAMILY = "1,2";
				VALIDATE_PRODUCT = YES;
			};
			name = Release;
		};
		1576006C1916293200154132 /* Debug */ = {
			isa = XCBuildConfiguration;
			buildSettings = {
				ASSETCATALOG_COMPILER_APPICON_NAME = AppIcon;
				ASSETCATALOG_COMPILER_LAUNCHIMAGE_NAME = LaunchImage;
				GCC_PRECOMPILE_PREFIX_HEADER = YES;
				GCC_PREFIX_HEADER = "CoreData10/CoreData10-Prefix.pch";
				INFOPLIST_FILE = "CoreData10/CoreData10-Info.plist";
				PRODUCT_NAME = "$(TARGET_NAME)";
				WRAPPER_EXTENSION = app;
			};
			name = Debug;
		};
		1576006D1916293200154132 /* Release */ = {
			isa = XCBuildConfiguration;
			buildSettings = {
				ASSETCATALOG_COMPILER_APPICON_NAME = AppIcon;
				ASSETCATALOG_COMPILER_LAUNCHIMAGE_NAME = LaunchImage;
				GCC_PRECOMPILE_PREFIX_HEADER = YES;
				GCC_PREFIX_HEADER = "CoreData10/CoreData10-Prefix.pch";
				INFOPLIST_FILE = "CoreData10/CoreData10-Info.plist";
				PRODUCT_NAME = "$(TARGET_NAME)";
				WRAPPER_EXTENSION = app;
			};
			name = Release;
		};
		1576006F1916293200154132 /* Debug */ = {
			isa = XCBuildConfiguration;
			buildSettings = {
				BUNDLE_LOADER = "$(BUILT_PRODUCTS_DIR)/CoreData10.app/CoreData10";
				FRAMEWORK_SEARCH_PATHS = (
					"$(SDKROOT)/Developer/Library/Frameworks",
					"$(inherited)",
					"$(DEVELOPER_FRAMEWORKS_DIR)",
				);
				GCC_PRECOMPILE_PREFIX_HEADER = YES;
				GCC_PREFIX_HEADER = "CoreData10/CoreData10-Prefix.pch";
				GCC_PREPROCESSOR_DEFINITIONS = (
					"DEBUG=1",
					"$(inherited)",
				);
				INFOPLIST_FILE = "CoreData10Tests/CoreData10Tests-Info.plist";
				PRODUCT_NAME = "$(TARGET_NAME)";
				TEST_HOST = "$(BUNDLE_LOADER)";
				WRAPPER_EXTENSION = xctest;
			};
			name = Debug;
		};
		157600701916293200154132 /* Release */ = {
			isa = XCBuildConfiguration;
			buildSettings = {
				BUNDLE_LOADER = "$(BUILT_PRODUCTS_DIR)/CoreData10.app/CoreData10";
				FRAMEWORK_SEARCH_PATHS = (
					"$(SDKROOT)/Developer/Library/Frameworks",
					"$(inherited)",
					"$(DEVELOPER_FRAMEWORKS_DIR)",
				);
				GCC_PRECOMPILE_PREFIX_HEADER = YES;
				GCC_PREFIX_HEADER = "CoreData10/CoreData10-Prefix.pch";
				INFOPLIST_FILE = "CoreData10Tests/CoreData10Tests-Info.plist";
				PRODUCT_NAME = "$(TARGET_NAME)";
				TEST_HOST = "$(BUNDLE_LOADER)";
				WRAPPER_EXTENSION = xctest;
			};
			name = Release;
		};
/* End XCBuildConfiguration section */

/* Begin XCConfigurationList section */
		157600341916293200154132 /* Build configuration list for PBXProject "CoreData10" */ = {
			isa = XCConfigurationList;
			buildConfigurations = (
				157600691916293200154132 /* Debug */,
				1576006A1916293200154132 /* Release */,
			);
			defaultConfigurationIsVisible = 0;
			defaultConfigurationName = Release;
		};
		1576006B1916293200154132 /* Build configuration list for PBXNativeTarget "CoreData10" */ = {
			isa = XCConfigurationList;
			buildConfigurations = (
				1576006C1916293200154132 /* Debug */,
				1576006D1916293200154132 /* Release */,
			);
			defaultConfigurationIsVisible = 0;
		};
		1576006E1916293200154132 /* Build configuration list for PBXNativeTarget "CoreData10Tests" */ = {
			isa = XCConfigurationList;
			buildConfigurations = (
				1576006F1916293200154132 /* Debug */,
				157600701916293200154132 /* Release */,
			);
			defaultConfigurationIsVisible = 0;
		};
/* End XCConfigurationList section */

/* Begin XCVersionGroup section */
		157600501916293200154132 /* CoreData10.xcdatamodeld */ = {
			isa = XCVersionGroup;
			children = (
				157600511916293200154132 /* CoreData10.xcdatamodel */,
			);
			currentVersion = 157600511916293200154132 /* CoreData10.xcdatamodel */;
			path = CoreData10.xcdatamodeld;
			sourceTree = "<group>";
			versionGroupType = wrapper.xcdatamodel;
		};
/* End XCVersionGroup section */
	};
	rootObject = 157600311916293200154132 /* Project object */;
}
