// !$*UTF8*$!
{
	archiveVersion = 1;
	classes = {
	};
	objectVersion = 46;
	objects = {

/* Begin PBXBuildFile section */
		151815B01919153B00259AE1 /* Foundation.framework in Frameworks */ = {isa = PBXBuildFile; fileRef = 151815AF1919153B00259AE1 /* Foundation.framework */; };
		151815B21919153B00259AE1 /* CoreGraphics.framework in Frameworks */ = {isa = PBXBuildFile; fileRef = 151815B11919153B00259AE1 /* CoreGraphics.framework */; };
		151815B41919153B00259AE1 /* UIKit.framework in Frameworks */ = {isa = PBXBuildFile; fileRef = 151815B31919153B00259AE1 /* UIKit.framework */; };
		151815BA1919153B00259AE1 /* InfoPlist.strings in Resources */ = {isa = PBXBuildFile; fileRef = 151815B81919153B00259AE1 /* InfoPlist.strings */; };
		151815BC1919153B00259AE1 /* main.m in Sources */ = {isa = PBXBuildFile; fileRef = 151815BB1919153B00259AE1 /* main.m */; };
		151815C01919153B00259AE1 /* FFAppDelegate.m in Sources */ = {isa = PBXBuildFile; fileRef = 151815BF1919153B00259AE1 /* FFAppDelegate.m */; };
		151815C31919153B00259AE1 /* Main.storyboard in Resources */ = {isa = PBXBuildFile; fileRef = 151815C11919153B00259AE1 /* Main.storyboard */; };
		151815C61919153B00259AE1 /* FFViewController.m in Sources */ = {isa = PBXBuildFile; fileRef = 151815C51919153B00259AE1 /* FFViewController.m */; };
		151815C81919153B00259AE1 /* Images.xcassets in Resources */ = {isa = PBXBuildFile; fileRef = 151815C71919153B00259AE1 /* Images.xcassets */; };
		151815CF1919153C00259AE1 /* XCTest.framework in Frameworks */ = {isa = PBXBuildFile; fileRef = 151815CE1919153C00259AE1 /* XCTest.framework */; };
		151815D01919153C00259AE1 /* Foundation.framework in Frameworks */ = {isa = PBXBuildFile; fileRef = 151815AF1919153B00259AE1 /* Foundation.framework */; };
		151815D11919153C00259AE1 /* UIKit.framework in Frameworks */ = {isa = PBXBuildFile; fileRef = 151815B31919153B00259AE1 /* UIKit.framework */; };
		151815D91919153C00259AE1 /* InfoPlist.strings in Resources */ = {isa = PBXBuildFile; fileRef = 151815D71919153C00259AE1 /* InfoPlist.strings */; };
		151815DB1919153C00259AE1 /* FIleFolder4Tests.m in Sources */ = {isa = PBXBuildFile; fileRef = 151815DA1919153C00259AE1 /* FIleFolder4Tests.m */; };
/* End PBXBuildFile section */

/* Begin PBXContainerItemProxy section */
		151815D21919153C00259AE1 /* PBXContainerItemProxy */ = {
			isa = PBXContainerItemProxy;
			containerPortal = 151815A41919153B00259AE1 /* Project object */;
			proxyType = 1;
			remoteGlobalIDString = 151815AB1919153B00259AE1;
			remoteInfo = FIleFolder4;
		};
/* End PBXContainerItemProxy section */

/* Begin PBXFileReference section */
		151815AC1919153B00259AE1 /* FIleFolder4.app */ = {isa = PBXFileReference; explicitFileType = wrapper.application; includeInIndex = 0; path = FIleFolder4.app; sourceTree = BUILT_PRODUCTS_DIR; };
		151815AF1919153B00259AE1 /* Foundation.framework */ = {isa = PBXFileReference; lastKnownFileType = wrapper.framework; name = Foundation.framework; path = System/Library/Frameworks/Foundation.framework; sourceTree = SDKROOT; };
		151815B11919153B00259AE1 /* CoreGraphics.framework */ = {isa = PBXFileReference; lastKnownFileType = wrapper.framework; name = CoreGraphics.framework; path = System/Library/Frameworks/CoreGraphics.framework; sourceTree = SDKROOT; };
		151815B31919153B00259AE1 /* UIKit.framework */ = {isa = PBXFileReference; lastKnownFileType = wrapper.framework; name = UIKit.framework; path = System/Library/Frameworks/UIKit.framework; sourceTree = SDKROOT; };
		151815B71919153B00259AE1 /* FIleFolder4-Info.plist */ = {isa = PBXFileReference; lastKnownFileType = text.plist.xml; path = "FIleFolder4-Info.plist"; sourceTree = "<group>"; };
		151815B91919153B00259AE1 /* en */ = {isa = PBXFileReference; lastKnownFileType = text.plist.strings; name = en; path = en.lproj/InfoPlist.strings; sourceTree = "<group>"; };
		151815BB1919153B00259AE1 /* main.m */ = {isa = PBXFileReference; lastKnownFileType = sourcecode.c.objc; path = main.m; sourceTree = "<group>"; };
		151815BD1919153B00259AE1 /* FIleFolder4-Prefix.pch */ = {isa = PBXFileReference; lastKnownFileType = sourcecode.c.h; path = "FIleFolder4-Prefix.pch"; sourceTree = "<group>"; };
		151815BE1919153B00259AE1 /* FFAppDelegate.h */ = {isa = PBXFileReference; lastKnownFileType = sourcecode.c.h; path = FFAppDelegate.h; sourceTree = "<group>"; };
		151815BF1919153B00259AE1 /* FFAppDelegate.m */ = {isa = PBXFileReference; lastKnownFileType = sourcecode.c.objc; path = FFAppDelegate.m; sourceTree = "<group>"; };
		151815C21919153B00259AE1 /* Base */ = {isa = PBXFileReference; lastKnownFileType = file.storyboard; name = Base; path = Base.lproj/Main.storyboard; sourceTree = "<group>"; };
		151815C41919153B00259AE1 /* FFViewController.h */ = {isa = PBXFileReference; lastKnownFileType = sourcecode.c.h; path = FFViewController.h; sourceTree = "<group>"; };
		151815C51919153B00259AE1 /* FFViewController.m */ = {isa = PBXFileReference; lastKnownFileType = sourcecode.c.objc; path = FFViewController.m; sourceTree = "<group>"; };
		151815C71919153B00259AE1 /* Images.xcassets */ = {isa = PBXFileReference; lastKnownFileType = folder.assetcatalog; path = Images.xcassets; sourceTree = "<group>"; };
		151815CD1919153C00259AE1 /* FIleFolder4Tests.xctest */ = {isa = PBXFileReference; explicitFileType = wrapper.cfbundle; includeInIndex = 0; path = FIleFolder4Tests.xctest; sourceTree = BUILT_PRODUCTS_DIR; };
		151815CE1919153C00259AE1 /* XCTest.framework */ = {isa = PBXFileReference; lastKnownFileType = wrapper.framework; name = XCTest.framework; path = Library/Frameworks/XCTest.framework; sourceTree = DEVELOPER_DIR; };
		151815D61919153C00259AE1 /* FIleFolder4Tests-Info.plist */ = {isa = PBXFileReference; lastKnownFileType = text.plist.xml; path = "FIleFolder4Tests-Info.plist"; sourceTree = "<group>"; };
		151815D81919153C00259AE1 /* en */ = {isa = PBXFileReference; lastKnownFileType = text.plist.strings; name = en; path = en.lproj/InfoPlist.strings; sourceTree = "<group>"; };
		151815DA1919153C00259AE1 /* FIleFolder4Tests.m */ = {isa = PBXFileReference; lastKnownFileType = sourcecode.c.objc; path = FIleFolder4Tests.m; sourceTree = "<group>"; };
/* End PBXFileReference section */

/* Begin PBXFrameworksBuildPhase section */
		151815A91919153B00259AE1 /* Frameworks */ = {
			isa = PBXFrameworksBuildPhase;
			buildActionMask = 2147483647;
			files = (
				151815B21919153B00259AE1 /* CoreGraphics.framework in Frameworks */,
				151815B41919153B00259AE1 /* UIKit.framework in Frameworks */,
				151815B01919153B00259AE1 /* Foundation.framework in Frameworks */,
			);
			runOnlyForDeploymentPostprocessing = 0;
		};
		151815CA1919153C00259AE1 /* Frameworks */ = {
			isa = PBXFrameworksBuildPhase;
			buildActionMask = 2147483647;
			files = (
				151815CF1919153C00259AE1 /* XCTest.framework in Frameworks */,
				151815D11919153C00259AE1 /* UIKit.framework in Frameworks */,
				151815D01919153C00259AE1 /* Foundation.framework in Frameworks */,
			);
			runOnlyForDeploymentPostprocessing = 0;
		};
/* End PBXFrameworksBuildPhase section */

/* Begin PBXGroup section */
		151815A31919153B00259AE1 = {
			isa = PBXGroup;
			children = (
				151815B51919153B00259AE1 /* FIleFolder4 */,
				151815D41919153C00259AE1 /* FIleFolder4Tests */,
				151815AE1919153B00259AE1 /* Frameworks */,
				151815AD1919153B00259AE1 /* Products */,
			);
			sourceTree = "<group>";
		};
		151815AD1919153B00259AE1 /* Products */ = {
			isa = PBXGroup;
			children = (
				151815AC1919153B00259AE1 /* FIleFolder4.app */,
				151815CD1919153C00259AE1 /* FIleFolder4Tests.xctest */,
			);
			name = Products;
			sourceTree = "<group>";
		};
		151815AE1919153B00259AE1 /* Frameworks */ = {
			isa = PBXGroup;
			children = (
				151815AF1919153B00259AE1 /* Foundation.framework */,
				151815B11919153B00259AE1 /* CoreGraphics.framework */,
				151815B31919153B00259AE1 /* UIKit.framework */,
				151815CE1919153C00259AE1 /* XCTest.framework */,
			);
			name = Frameworks;
			sourceTree = "<group>";
		};
		151815B51919153B00259AE1 /* FIleFolder4 */ = {
			isa = PBXGroup;
			children = (
				151815BE1919153B00259AE1 /* FFAppDelegate.h */,
				151815BF1919153B00259AE1 /* FFAppDelegate.m */,
				151815C11919153B00259AE1 /* Main.storyboard */,
				151815C41919153B00259AE1 /* FFViewController.h */,
				151815C51919153B00259AE1 /* FFViewController.m */,
				151815C71919153B00259AE1 /* Images.xcassets */,
				151815B61919153B00259AE1 /* Supporting Files */,
			);
			path = FIleFolder4;
			sourceTree = "<group>";
		};
		151815B61919153B00259AE1 /* Supporting Files */ = {
			isa = PBXGroup;
			children = (
				151815B71919153B00259AE1 /* FIleFolder4-Info.plist */,
				151815B81919153B00259AE1 /* InfoPlist.strings */,
				151815BB1919153B00259AE1 /* main.m */,
				151815BD1919153B00259AE1 /* FIleFolder4-Prefix.pch */,
			);
			name = "Supporting Files";
			sourceTree = "<group>";
		};
		151815D41919153C00259AE1 /* FIleFolder4Tests */ = {
			isa = PBXGroup;
			children = (
				151815DA1919153C00259AE1 /* FIleFolder4Tests.m */,
				151815D51919153C00259AE1 /* Supporting Files */,
			);
			path = FIleFolder4Tests;
			sourceTree = "<group>";
		};
		151815D51919153C00259AE1 /* Supporting Files */ = {
			isa = PBXGroup;
			children = (
				151815D61919153C00259AE1 /* FIleFolder4Tests-Info.plist */,
				151815D71919153C00259AE1 /* InfoPlist.strings */,
			);
			name = "Supporting Files";
			sourceTree = "<group>";
		};
/* End PBXGroup section */

/* Begin PBXNativeTarget section */
		151815AB1919153B00259AE1 /* FIleFolder4 */ = {
			isa = PBXNativeTarget;
			buildConfigurationList = 151815DE1919153C00259AE1 /* Build configuration list for PBXNativeTarget "FIleFolder4" */;
			buildPhases = (
				151815A81919153B00259AE1 /* Sources */,
				151815A91919153B00259AE1 /* Frameworks */,
				151815AA1919153B00259AE1 /* Resources */,
			);
			buildRules = (
			);
			dependencies = (
			);
			name = FIleFolder4;
			productName = FIleFolder4;
			productReference = 151815AC1919153B00259AE1 /* FIleFolder4.app */;
			productType = "com.apple.product-type.application";
		};
		151815CC1919153C00259AE1 /* FIleFolder4Tests */ = {
			isa = PBXNativeTarget;
			buildConfigurationList = 151815E11919153C00259AE1 /* Build configuration list for PBXNativeTarget "FIleFolder4Tests" */;
			buildPhases = (
				151815C91919153C00259AE1 /* Sources */,
				151815CA1919153C00259AE1 /* Frameworks */,
				151815CB1919153C00259AE1 /* Resources */,
			);
			buildRules = (
			);
			dependencies = (
				151815D31919153C00259AE1 /* PBXTargetDependency */,
			);
			name = FIleFolder4Tests;
			productName = FIleFolder4Tests;
			productReference = 151815CD1919153C00259AE1 /* FIleFolder4Tests.xctest */;
			productType = "com.apple.product-type.bundle.unit-test";
		};
/* End PBXNativeTarget section */

/* Begin PBXProject section */
		151815A41919153B00259AE1 /* Project object */ = {
			isa = PBXProject;
			attributes = {
				CLASSPREFIX = FF;
				LastUpgradeCheck = 0510;
				ORGANIZATIONNAME = GLSX;
				TargetAttributes = {
					151815CC1919153C00259AE1 = {
						TestTargetID = 151815AB1919153B00259AE1;
					};
				};
			};
			buildConfigurationList = 151815A71919153B00259AE1 /* Build configuration list for PBXProject "FIleFolder4" */;
			compatibilityVersion = "Xcode 3.2";
			developmentRegion = English;
			hasScannedForEncodings = 0;
			knownRegions = (
				en,
				Base,
			);
			mainGroup = 151815A31919153B00259AE1;
			productRefGroup = 151815AD1919153B00259AE1 /* Products */;
			projectDirPath = "";
			projectRoot = "";
			targets = (
				151815AB1919153B00259AE1 /* FIleFolder4 */,
				151815CC1919153C00259AE1 /* FIleFolder4Tests */,
			);
		};
/* End PBXProject section */

/* Begin PBXResourcesBuildPhase section */
		151815AA1919153B00259AE1 /* Resources */ = {
			isa = PBXResourcesBuildPhase;
			buildActionMask = 2147483647;
			files = (
				151815C81919153B00259AE1 /* Images.xcassets in Resources */,
				151815BA1919153B00259AE1 /* InfoPlist.strings in Resources */,
				151815C31919153B00259AE1 /* Main.storyboard in Resources */,
			);
			runOnlyForDeploymentPostprocessing = 0;
		};
		151815CB1919153C00259AE1 /* Resources */ = {
			isa = PBXResourcesBuildPhase;
			buildActionMask = 2147483647;
			files = (
				151815D91919153C00259AE1 /* InfoPlist.strings in Resources */,
			);
			runOnlyForDeploymentPostprocessing = 0;
		};
/* End PBXResourcesBuildPhase section */

/* Begin PBXSourcesBuildPhase section */
		151815A81919153B00259AE1 /* Sources */ = {
			isa = PBXSourcesBuildPhase;
			buildActionMask = 2147483647;
			files = (
				151815C01919153B00259AE1 /* FFAppDelegate.m in Sources */,
				151815BC1919153B00259AE1 /* main.m in Sources */,
				151815C61919153B00259AE1 /* FFViewController.m in Sources */,
			);
			runOnlyForDeploymentPostprocessing = 0;
		};
		151815C91919153C00259AE1 /* Sources */ = {
			isa = PBXSourcesBuildPhase;
			buildActionMask = 2147483647;
			files = (
				151815DB1919153C00259AE1 /* FIleFolder4Tests.m in Sources */,
			);
			runOnlyForDeploymentPostprocessing = 0;
		};
/* End PBXSourcesBuildPhase section */

/* Begin PBXTargetDependency section */
		151815D31919153C00259AE1 /* PBXTargetDependency */ = {
			isa = PBXTargetDependency;
			target = 151815AB1919153B00259AE1 /* FIleFolder4 */;
			targetProxy = 151815D21919153C00259AE1 /* PBXContainerItemProxy */;
		};
/* End PBXTargetDependency section */

/* Begin PBXVariantGroup section */
		151815B81919153B00259AE1 /* InfoPlist.strings */ = {
			isa = PBXVariantGroup;
			children = (
				151815B91919153B00259AE1 /* en */,
			);
			name = InfoPlist.strings;
			sourceTree = "<group>";
		};
		151815C11919153B00259AE1 /* Main.storyboard */ = {
			isa = PBXVariantGroup;
			children = (
				151815C21919153B00259AE1 /* Base */,
			);
			name = Main.storyboard;
			sourceTree = "<group>";
		};
		151815D71919153C00259AE1 /* InfoPlist.strings */ = {
			isa = PBXVariantGroup;
			children = (
				151815D81919153C00259AE1 /* en */,
			);
			name = InfoPlist.strings;
			sourceTree = "<group>";
		};
/* End PBXVariantGroup section */

/* Begin XCBuildConfiguration section */
		151815DC1919153C00259AE1 /* Debug */ = {
			isa = XCBuildConfiguration;
			buildSettings = {
				ALWAYS_SEARCH_USER_PATHS = NO;
				CLANG_CXX_LANGUAGE_STANDARD = "gnu++0x";
				CLANG_CXX_LIBRARY = "libc++";
				CLANG_ENABLE_MODULES = YES;
				CLANG_ENABLE_OBJC_ARC = YES;
				CLANG_WARN_BOOL_CONVERSION = YES;
				CLANG_WARN_CONSTANT_CONVERSION = YES;
				CLANG_WARN_DIRECT_OBJC_ISA_USAGE = YES_ERROR;
				CLANG_WARN_EMPTY_BODY = YES;
				CLANG_WARN_ENUM_CONVERSION = YES;
				CLANG_WARN_INT_CONVERSION = YES;
				CLANG_WARN_OBJC_ROOT_CLASS = YES_ERROR;
				CLANG_WARN__DUPLICATE_METHOD_MATCH = YES;
				"CODE_SIGN_IDENTITY[sdk=iphoneos*]" = "iPhone Developer";
				COPY_PHASE_STRIP = NO;
				GCC_C_LANGUAGE_STANDARD = gnu99;
				GCC_DYNAMIC_NO_PIC = NO;
				GCC_OPTIMIZATION_LEVEL = 0;
				GCC_PREPROCESSOR_DEFINITIONS = (
					"DEBUG=1",
					"$(inherited)",
				);
				GCC_SYMBOLS_PRIVATE_EXTERN = NO;
				GCC_WARN_64_TO_32_BIT_CONVERSION = YES;
				GCC_WARN_ABOUT_RETURN_TYPE = YES_ERROR;
				GCC_WARN_UNDECLARED_SELECTOR = YES;
				GCC_WARN_UNINITIALIZED_AUTOS = YES_AGGRESSIVE;
				GCC_WARN_UNUSED_FUNCTION = YES;
				GCC_WARN_UNUSED_VARIABLE = YES;
				IPHONEOS_DEPLOYMENT_TARGET = 7.1;
				ONLY_ACTIVE_ARCH = YES;
				SDKROOT = iphoneos;
			};
			name = Debug;
		};
		151815DD1919153C00259AE1 /* Release */ = {
			isa = XCBuildConfiguration;
			buildSettings = {
				ALWAYS_SEARCH_USER_PATHS = NO;
				CLANG_CXX_LANGUAGE_STANDARD = "gnu++0x";
				CLANG_CXX_LIBRARY = "libc++";
				CLANG_ENABLE_MODULES = YES;
				CLANG_ENABLE_OBJC_ARC = YES;
				CLANG_WARN_BOOL_CONVERSION = YES;
				CLANG_WARN_CONSTANT_CONVERSION = YES;
				CLANG_WARN_DIRECT_OBJC_ISA_USAGE = YES_ERROR;
				CLANG_WARN_EMPTY_BODY = YES;
				CLANG_WARN_ENUM_CONVERSION = YES;
				CLANG_WARN_INT_CONVERSION = YES;
				CLANG_WARN_OBJC_ROOT_CLASS = YES_ERROR;
				CLANG_WARN__DUPLICATE_METHOD_MATCH = YES;
				"CODE_SIGN_IDENTITY[sdk=iphoneos*]" = "iPhone Developer";
				COPY_PHASE_STRIP = YES;
				ENABLE_NS_ASSERTIONS = NO;
				GCC_C_LANGUAGE_STANDARD = gnu99;
				GCC_WARN_64_TO_32_BIT_CONVERSION = YES;
				GCC_WARN_ABOUT_RETURN_TYPE = YES_ERROR;
				GCC_WARN_UNDECLARED_SELECTOR = YES;
				GCC_WARN_UNINITIALIZED_AUTOS = YES_AGGRESSIVE;
				GCC_WARN_UNUSED_FUNCTION = YES;
				GCC_WARN_UNUSED_VARIABLE = YES;
				IPHONEOS_DEPLOYMENT_TARGET = 7.1;
				SDKROOT = iphoneos;
				VALIDATE_PRODUCT = YES;
			};
			name = Release;
		};
		151815DF1919153C00259AE1 /* Debug */ = {
			isa = XCBuildConfiguration;
			buildSettings = {
				ASSETCATALOG_COMPILER_APPICON_NAME = AppIcon;
				ASSETCATALOG_COMPILER_LAUNCHIMAGE_NAME = LaunchImage;
				GCC_PRECOMPILE_PREFIX_HEADER = YES;
				GCC_PREFIX_HEADER = "FIleFolder4/FIleFolder4-Prefix.pch";
				INFOPLIST_FILE = "FIleFolder4/FIleFolder4-Info.plist";
				PRODUCT_NAME = "$(TARGET_NAME)";
				WRAPPER_EXTENSION = app;
			};
			name = Debug;
		};
		151815E01919153C00259AE1 /* Release */ = {
			isa = XCBuildConfiguration;
			buildSettings = {
				ASSETCATALOG_COMPILER_APPICON_NAME = AppIcon;
				ASSETCATALOG_COMPILER_LAUNCHIMAGE_NAME = LaunchImage;
				GCC_PRECOMPILE_PREFIX_HEADER = YES;
				GCC_PREFIX_HEADER = "FIleFolder4/FIleFolder4-Prefix.pch";
				INFOPLIST_FILE = "FIleFolder4/FIleFolder4-Info.plist";
				PRODUCT_NAME = "$(TARGET_NAME)";
				WRAPPER_EXTENSION = app;
			};
			name = Release;
		};
		151815E21919153C00259AE1 /* Debug */ = {
			isa = XCBuildConfiguration;
			buildSettings = {
				BUNDLE_LOADER = "$(BUILT_PRODUCTS_DIR)/FIleFolder4.app/FIleFolder4";
				FRAMEWORK_SEARCH_PATHS = (
					"$(SDKROOT)/Developer/Library/Frameworks",
					"$(inherited)",
					"$(DEVELOPER_FRAMEWORKS_DIR)",
				);
				GCC_PRECOMPILE_PREFIX_HEADER = YES;
				GCC_PREFIX_HEADER = "FIleFolder4/FIleFolder4-Prefix.pch";
				GCC_PREPROCESSOR_DEFINITIONS = (
					"DEBUG=1",
					"$(inherited)",
				);
				INFOPLIST_FILE = "FIleFolder4Tests/FIleFolder4Tests-Info.plist";
				PRODUCT_NAME = "$(TARGET_NAME)";
				TEST_HOST = "$(BUNDLE_LOADER)";
				WRAPPER_EXTENSION = xctest;
			};
			name = Debug;
		};
		151815E31919153C00259AE1 /* Release */ = {
			isa = XCBuildConfiguration;
			buildSettings = {
				BUNDLE_LOADER = "$(BUILT_PRODUCTS_DIR)/FIleFolder4.app/FIleFolder4";
				FRAMEWORK_SEARCH_PATHS = (
					"$(SDKROOT)/Developer/Library/Frameworks",
					"$(inherited)",
					"$(DEVELOPER_FRAMEWORKS_DIR)",
				);
				GCC_PRECOMPILE_PREFIX_HEADER = YES;
				GCC_PREFIX_HEADER = "FIleFolder4/FIleFolder4-Prefix.pch";
				INFOPLIST_FILE = "FIleFolder4Tests/FIleFolder4Tests-Info.plist";
				PRODUCT_NAME = "$(TARGET_NAME)";
				TEST_HOST = "$(BUNDLE_LOADER)";
				WRAPPER_EXTENSION = xctest;
			};
			name = Release;
		};
/* End XCBuildConfiguration section */

/* Begin XCConfigurationList section */
		151815A71919153B00259AE1 /* Build configuration list for PBXProject "FIleFolder4" */ = {
			isa = XCConfigurationList;
			buildConfigurations = (
				151815DC1919153C00259AE1 /* Debug */,
				151815DD1919153C00259AE1 /* Release */,
			);
			defaultConfigurationIsVisible = 0;
			defaultConfigurationName = Release;
		};
		151815DE1919153C00259AE1 /* Build configuration list for PBXNativeTarget "FIleFolder4" */ = {
			isa = XCConfigurationList;
			buildConfigurations = (
				151815DF1919153C00259AE1 /* Debug */,
				151815E01919153C00259AE1 /* Release */,
			);
			defaultConfigurationIsVisible = 0;
		};
		151815E11919153C00259AE1 /* Build configuration list for PBXNativeTarget "FIleFolder4Tests" */ = {
			isa = XCConfigurationList;
			buildConfigurations = (
				151815E21919153C00259AE1 /* Debug */,
				151815E31919153C00259AE1 /* Release */,
			);
			defaultConfigurationIsVisible = 0;
		};
/* End XCConfigurationList section */
	};
	rootObject = 151815A41919153B00259AE1 /* Project object */;
}
