// !$*UTF8*$!
{
	archiveVersion = 1;
	classes = {
	};
	objectVersion = 46;
	objects = {

/* Begin PBXBuildFile section */
		52574886191936E8002907B7 /* Foundation.framework in Frameworks */ = {isa = PBXBuildFile; fileRef = 52574885191936E8002907B7 /* Foundation.framework */; };
		52574888191936E8002907B7 /* CoreGraphics.framework in Frameworks */ = {isa = PBXBuildFile; fileRef = 52574887191936E8002907B7 /* CoreGraphics.framework */; };
		5257488A191936E8002907B7 /* UIKit.framework in Frameworks */ = {isa = PBXBuildFile; fileRef = 52574889191936E8002907B7 /* UIKit.framework */; };
		52574890191936E8002907B7 /* InfoPlist.strings in Resources */ = {isa = PBXBuildFile; fileRef = 5257488E191936E8002907B7 /* InfoPlist.strings */; };
		52574892191936E8002907B7 /* main.m in Sources */ = {isa = PBXBuildFile; fileRef = 52574891191936E8002907B7 /* main.m */; };
		52574896191936E8002907B7 /* FFAppDelegate.m in Sources */ = {isa = PBXBuildFile; fileRef = 52574895191936E8002907B7 /* FFAppDelegate.m */; };
		52574899191936E8002907B7 /* Main.storyboard in Resources */ = {isa = PBXBuildFile; fileRef = 52574897191936E8002907B7 /* Main.storyboard */; };
		5257489C191936E8002907B7 /* FFViewController.m in Sources */ = {isa = PBXBuildFile; fileRef = 5257489B191936E8002907B7 /* FFViewController.m */; };
		5257489E191936E8002907B7 /* Images.xcassets in Resources */ = {isa = PBXBuildFile; fileRef = 5257489D191936E8002907B7 /* Images.xcassets */; };
		525748A5191936E8002907B7 /* XCTest.framework in Frameworks */ = {isa = PBXBuildFile; fileRef = 525748A4191936E8002907B7 /* XCTest.framework */; };
		525748A6191936E8002907B7 /* Foundation.framework in Frameworks */ = {isa = PBXBuildFile; fileRef = 52574885191936E8002907B7 /* Foundation.framework */; };
		525748A7191936E8002907B7 /* UIKit.framework in Frameworks */ = {isa = PBXBuildFile; fileRef = 52574889191936E8002907B7 /* UIKit.framework */; };
		525748AF191936E8002907B7 /* InfoPlist.strings in Resources */ = {isa = PBXBuildFile; fileRef = 525748AD191936E8002907B7 /* InfoPlist.strings */; };
		525748B1191936E8002907B7 /* FileFolder5Tests.m in Sources */ = {isa = PBXBuildFile; fileRef = 525748B0191936E8002907B7 /* FileFolder5Tests.m */; };
/* End PBXBuildFile section */

/* Begin PBXContainerItemProxy section */
		525748A8191936E8002907B7 /* PBXContainerItemProxy */ = {
			isa = PBXContainerItemProxy;
			containerPortal = 5257487A191936E8002907B7 /* Project object */;
			proxyType = 1;
			remoteGlobalIDString = 52574881191936E8002907B7;
			remoteInfo = FileFolder5;
		};
/* End PBXContainerItemProxy section */

/* Begin PBXFileReference section */
		52574882191936E8002907B7 /* FileFolder5.app */ = {isa = PBXFileReference; explicitFileType = wrapper.application; includeInIndex = 0; path = FileFolder5.app; sourceTree = BUILT_PRODUCTS_DIR; };
		52574885191936E8002907B7 /* Foundation.framework */ = {isa = PBXFileReference; lastKnownFileType = wrapper.framework; name = Foundation.framework; path = System/Library/Frameworks/Foundation.framework; sourceTree = SDKROOT; };
		52574887191936E8002907B7 /* CoreGraphics.framework */ = {isa = PBXFileReference; lastKnownFileType = wrapper.framework; name = CoreGraphics.framework; path = System/Library/Frameworks/CoreGraphics.framework; sourceTree = SDKROOT; };
		52574889191936E8002907B7 /* UIKit.framework */ = {isa = PBXFileReference; lastKnownFileType = wrapper.framework; name = UIKit.framework; path = System/Library/Frameworks/UIKit.framework; sourceTree = SDKROOT; };
		5257488D191936E8002907B7 /* FileFolder5-Info.plist */ = {isa = PBXFileReference; lastKnownFileType = text.plist.xml; path = "FileFolder5-Info.plist"; sourceTree = "<group>"; };
		5257488F191936E8002907B7 /* en */ = {isa = PBXFileReference; lastKnownFileType = text.plist.strings; name = en; path = en.lproj/InfoPlist.strings; sourceTree = "<group>"; };
		52574891191936E8002907B7 /* main.m */ = {isa = PBXFileReference; lastKnownFileType = sourcecode.c.objc; path = main.m; sourceTree = "<group>"; };
		52574893191936E8002907B7 /* FileFolder5-Prefix.pch */ = {isa = PBXFileReference; lastKnownFileType = sourcecode.c.h; path = "FileFolder5-Prefix.pch"; sourceTree = "<group>"; };
		52574894191936E8002907B7 /* FFAppDelegate.h */ = {isa = PBXFileReference; lastKnownFileType = sourcecode.c.h; path = FFAppDelegate.h; sourceTree = "<group>"; };
		52574895191936E8002907B7 /* FFAppDelegate.m */ = {isa = PBXFileReference; lastKnownFileType = sourcecode.c.objc; path = FFAppDelegate.m; sourceTree = "<group>"; };
		52574898191936E8002907B7 /* Base */ = {isa = PBXFileReference; lastKnownFileType = file.storyboard; name = Base; path = Base.lproj/Main.storyboard; sourceTree = "<group>"; };
		5257489A191936E8002907B7 /* FFViewController.h */ = {isa = PBXFileReference; lastKnownFileType = sourcecode.c.h; path = FFViewController.h; sourceTree = "<group>"; };
		5257489B191936E8002907B7 /* FFViewController.m */ = {isa = PBXFileReference; lastKnownFileType = sourcecode.c.objc; path = FFViewController.m; sourceTree = "<group>"; };
		5257489D191936E8002907B7 /* Images.xcassets */ = {isa = PBXFileReference; lastKnownFileType = folder.assetcatalog; path = Images.xcassets; sourceTree = "<group>"; };
		525748A3191936E8002907B7 /* FileFolder5Tests.xctest */ = {isa = PBXFileReference; explicitFileType = wrapper.cfbundle; includeInIndex = 0; path = FileFolder5Tests.xctest; sourceTree = BUILT_PRODUCTS_DIR; };
		525748A4191936E8002907B7 /* XCTest.framework */ = {isa = PBXFileReference; lastKnownFileType = wrapper.framework; name = XCTest.framework; path = Library/Frameworks/XCTest.framework; sourceTree = DEVELOPER_DIR; };
		525748AC191936E8002907B7 /* FileFolder5Tests-Info.plist */ = {isa = PBXFileReference; lastKnownFileType = text.plist.xml; path = "FileFolder5Tests-Info.plist"; sourceTree = "<group>"; };
		525748AE191936E8002907B7 /* en */ = {isa = PBXFileReference; lastKnownFileType = text.plist.strings; name = en; path = en.lproj/InfoPlist.strings; sourceTree = "<group>"; };
		525748B0191936E8002907B7 /* FileFolder5Tests.m */ = {isa = PBXFileReference; lastKnownFileType = sourcecode.c.objc; path = FileFolder5Tests.m; sourceTree = "<group>"; };
/* End PBXFileReference section */

/* Begin PBXFrameworksBuildPhase section */
		5257487F191936E8002907B7 /* Frameworks */ = {
			isa = PBXFrameworksBuildPhase;
			buildActionMask = 2147483647;
			files = (
				52574888191936E8002907B7 /* CoreGraphics.framework in Frameworks */,
				5257488A191936E8002907B7 /* UIKit.framework in Frameworks */,
				52574886191936E8002907B7 /* Foundation.framework in Frameworks */,
			);
			runOnlyForDeploymentPostprocessing = 0;
		};
		525748A0191936E8002907B7 /* Frameworks */ = {
			isa = PBXFrameworksBuildPhase;
			buildActionMask = 2147483647;
			files = (
				525748A5191936E8002907B7 /* XCTest.framework in Frameworks */,
				525748A7191936E8002907B7 /* UIKit.framework in Frameworks */,
				525748A6191936E8002907B7 /* Foundation.framework in Frameworks */,
			);
			runOnlyForDeploymentPostprocessing = 0;
		};
/* End PBXFrameworksBuildPhase section */

/* Begin PBXGroup section */
		52574879191936E8002907B7 = {
			isa = PBXGroup;
			children = (
				5257488B191936E8002907B7 /* FileFolder5 */,
				525748AA191936E8002907B7 /* FileFolder5Tests */,
				52574884191936E8002907B7 /* Frameworks */,
				52574883191936E8002907B7 /* Products */,
			);
			sourceTree = "<group>";
		};
		52574883191936E8002907B7 /* Products */ = {
			isa = PBXGroup;
			children = (
				52574882191936E8002907B7 /* FileFolder5.app */,
				525748A3191936E8002907B7 /* FileFolder5Tests.xctest */,
			);
			name = Products;
			sourceTree = "<group>";
		};
		52574884191936E8002907B7 /* Frameworks */ = {
			isa = PBXGroup;
			children = (
				52574885191936E8002907B7 /* Foundation.framework */,
				52574887191936E8002907B7 /* CoreGraphics.framework */,
				52574889191936E8002907B7 /* UIKit.framework */,
				525748A4191936E8002907B7 /* XCTest.framework */,
			);
			name = Frameworks;
			sourceTree = "<group>";
		};
		5257488B191936E8002907B7 /* FileFolder5 */ = {
			isa = PBXGroup;
			children = (
				52574894191936E8002907B7 /* FFAppDelegate.h */,
				52574895191936E8002907B7 /* FFAppDelegate.m */,
				52574897191936E8002907B7 /* Main.storyboard */,
				5257489A191936E8002907B7 /* FFViewController.h */,
				5257489B191936E8002907B7 /* FFViewController.m */,
				5257489D191936E8002907B7 /* Images.xcassets */,
				5257488C191936E8002907B7 /* Supporting Files */,
			);
			path = FileFolder5;
			sourceTree = "<group>";
		};
		5257488C191936E8002907B7 /* Supporting Files */ = {
			isa = PBXGroup;
			children = (
				5257488D191936E8002907B7 /* FileFolder5-Info.plist */,
				5257488E191936E8002907B7 /* InfoPlist.strings */,
				52574891191936E8002907B7 /* main.m */,
				52574893191936E8002907B7 /* FileFolder5-Prefix.pch */,
			);
			name = "Supporting Files";
			sourceTree = "<group>";
		};
		525748AA191936E8002907B7 /* FileFolder5Tests */ = {
			isa = PBXGroup;
			children = (
				525748B0191936E8002907B7 /* FileFolder5Tests.m */,
				525748AB191936E8002907B7 /* Supporting Files */,
			);
			path = FileFolder5Tests;
			sourceTree = "<group>";
		};
		525748AB191936E8002907B7 /* Supporting Files */ = {
			isa = PBXGroup;
			children = (
				525748AC191936E8002907B7 /* FileFolder5Tests-Info.plist */,
				525748AD191936E8002907B7 /* InfoPlist.strings */,
			);
			name = "Supporting Files";
			sourceTree = "<group>";
		};
/* End PBXGroup section */

/* Begin PBXNativeTarget section */
		52574881191936E8002907B7 /* FileFolder5 */ = {
			isa = PBXNativeTarget;
			buildConfigurationList = 525748B4191936E8002907B7 /* Build configuration list for PBXNativeTarget "FileFolder5" */;
			buildPhases = (
				5257487E191936E8002907B7 /* Sources */,
				5257487F191936E8002907B7 /* Frameworks */,
				52574880191936E8002907B7 /* Resources */,
			);
			buildRules = (
			);
			dependencies = (
			);
			name = FileFolder5;
			productName = FileFolder5;
			productReference = 52574882191936E8002907B7 /* FileFolder5.app */;
			productType = "com.apple.product-type.application";
		};
		525748A2191936E8002907B7 /* FileFolder5Tests */ = {
			isa = PBXNativeTarget;
			buildConfigurationList = 525748B7191936E8002907B7 /* Build configuration list for PBXNativeTarget "FileFolder5Tests" */;
			buildPhases = (
				5257489F191936E8002907B7 /* Sources */,
				525748A0191936E8002907B7 /* Frameworks */,
				525748A1191936E8002907B7 /* Resources */,
			);
			buildRules = (
			);
			dependencies = (
				525748A9191936E8002907B7 /* PBXTargetDependency */,
			);
			name = FileFolder5Tests;
			productName = FileFolder5Tests;
			productReference = 525748A3191936E8002907B7 /* FileFolder5Tests.xctest */;
			productType = "com.apple.product-type.bundle.unit-test";
		};
/* End PBXNativeTarget section */

/* Begin PBXProject section */
		5257487A191936E8002907B7 /* Project object */ = {
			isa = PBXProject;
			attributes = {
				CLASSPREFIX = FF;
				LastUpgradeCheck = 0510;
				ORGANIZATIONNAME = JohnChen;
				TargetAttributes = {
					525748A2191936E8002907B7 = {
						TestTargetID = 52574881191936E8002907B7;
					};
				};
			};
			buildConfigurationList = 5257487D191936E8002907B7 /* Build configuration list for PBXProject "FileFolder5" */;
			compatibilityVersion = "Xcode 3.2";
			developmentRegion = English;
			hasScannedForEncodings = 0;
			knownRegions = (
				en,
				Base,
			);
			mainGroup = 52574879191936E8002907B7;
			productRefGroup = 52574883191936E8002907B7 /* Products */;
			projectDirPath = "";
			projectRoot = "";
			targets = (
				52574881191936E8002907B7 /* FileFolder5 */,
				525748A2191936E8002907B7 /* FileFolder5Tests */,
			);
		};
/* End PBXProject section */

/* Begin PBXResourcesBuildPhase section */
		52574880191936E8002907B7 /* Resources */ = {
			isa = PBXResourcesBuildPhase;
			buildActionMask = 2147483647;
			files = (
				5257489E191936E8002907B7 /* Images.xcassets in Resources */,
				52574890191936E8002907B7 /* InfoPlist.strings in Resources */,
				52574899191936E8002907B7 /* Main.storyboard in Resources */,
			);
			runOnlyForDeploymentPostprocessing = 0;
		};
		525748A1191936E8002907B7 /* Resources */ = {
			isa = PBXResourcesBuildPhase;
			buildActionMask = 2147483647;
			files = (
				525748AF191936E8002907B7 /* InfoPlist.strings in Resources */,
			);
			runOnlyForDeploymentPostprocessing = 0;
		};
/* End PBXResourcesBuildPhase section */

/* Begin PBXSourcesBuildPhase section */
		5257487E191936E8002907B7 /* Sources */ = {
			isa = PBXSourcesBuildPhase;
			buildActionMask = 2147483647;
			files = (
				52574896191936E8002907B7 /* FFAppDelegate.m in Sources */,
				52574892191936E8002907B7 /* main.m in Sources */,
				5257489C191936E8002907B7 /* FFViewController.m in Sources */,
			);
			runOnlyForDeploymentPostprocessing = 0;
		};
		5257489F191936E8002907B7 /* Sources */ = {
			isa = PBXSourcesBuildPhase;
			buildActionMask = 2147483647;
			files = (
				525748B1191936E8002907B7 /* FileFolder5Tests.m in Sources */,
			);
			runOnlyForDeploymentPostprocessing = 0;
		};
/* End PBXSourcesBuildPhase section */

/* Begin PBXTargetDependency section */
		525748A9191936E8002907B7 /* PBXTargetDependency */ = {
			isa = PBXTargetDependency;
			target = 52574881191936E8002907B7 /* FileFolder5 */;
			targetProxy = 525748A8191936E8002907B7 /* PBXContainerItemProxy */;
		};
/* End PBXTargetDependency section */

/* Begin PBXVariantGroup section */
		5257488E191936E8002907B7 /* InfoPlist.strings */ = {
			isa = PBXVariantGroup;
			children = (
				5257488F191936E8002907B7 /* en */,
			);
			name = InfoPlist.strings;
			sourceTree = "<group>";
		};
		52574897191936E8002907B7 /* Main.storyboard */ = {
			isa = PBXVariantGroup;
			children = (
				52574898191936E8002907B7 /* Base */,
			);
			name = Main.storyboard;
			sourceTree = "<group>";
		};
		525748AD191936E8002907B7 /* InfoPlist.strings */ = {
			isa = PBXVariantGroup;
			children = (
				525748AE191936E8002907B7 /* en */,
			);
			name = InfoPlist.strings;
			sourceTree = "<group>";
		};
/* End PBXVariantGroup section */

/* Begin XCBuildConfiguration section */
		525748B2191936E8002907B7 /* Debug */ = {
			isa = XCBuildConfiguration;
			buildSettings = {
				ALWAYS_SEARCH_USER_PATHS = NO;
				CLANG_CXX_LANGUAGE_STANDARD = "gnu++0x";
				CLANG_CXX_LIBRARY = "libc++";
				CLANG_ENABLE_MODULES = YES;
				CLANG_ENABLE_OBJC_ARC = YES;
				CLANG_WARN_BOOL_CONVERSION = YES;
				CLANG_WARN_CONSTANT_CONVERSION = YES;
				CLANG_WARN_DIRECT_OBJC_ISA_USAGE = YES_ERROR;
				CLANG_WARN_EMPTY_BODY = YES;
				CLANG_WARN_ENUM_CONVERSION = YES;
				CLANG_WARN_INT_CONVERSION = YES;
				CLANG_WARN_OBJC_ROOT_CLASS = YES_ERROR;
				CLANG_WARN__DUPLICATE_METHOD_MATCH = YES;
				"CODE_SIGN_IDENTITY[sdk=iphoneos*]" = "iPhone Developer";
				COPY_PHASE_STRIP = NO;
				GCC_C_LANGUAGE_STANDARD = gnu99;
				GCC_DYNAMIC_NO_PIC = NO;
				GCC_OPTIMIZATION_LEVEL = 0;
				GCC_PREPROCESSOR_DEFINITIONS = (
					"DEBUG=1",
					"$(inherited)",
				);
				GCC_SYMBOLS_PRIVATE_EXTERN = NO;
				GCC_WARN_64_TO_32_BIT_CONVERSION = YES;
				GCC_WARN_ABOUT_RETURN_TYPE = YES_ERROR;
				GCC_WARN_UNDECLARED_SELECTOR = YES;
				GCC_WARN_UNINITIALIZED_AUTOS = YES_AGGRESSIVE;
				GCC_WARN_UNUSED_FUNCTION = YES;
				GCC_WARN_UNUSED_VARIABLE = YES;
				IPHONEOS_DEPLOYMENT_TARGET = 7.1;
				ONLY_ACTIVE_ARCH = YES;
				SDKROOT = iphoneos;
			};
			name = Debug;
		};
		525748B3191936E8002907B7 /* Release */ = {
			isa = XCBuildConfiguration;
			buildSettings = {
				ALWAYS_SEARCH_USER_PATHS = NO;
				CLANG_CXX_LANGUAGE_STANDARD = "gnu++0x";
				CLANG_CXX_LIBRARY = "libc++";
				CLANG_ENABLE_MODULES = YES;
				CLANG_ENABLE_OBJC_ARC = YES;
				CLANG_WARN_BOOL_CONVERSION = YES;
				CLANG_WARN_CONSTANT_CONVERSION = YES;
				CLANG_WARN_DIRECT_OBJC_ISA_USAGE = YES_ERROR;
				CLANG_WARN_EMPTY_BODY = YES;
				CLANG_WARN_ENUM_CONVERSION = YES;
				CLANG_WARN_INT_CONVERSION = YES;
				CLANG_WARN_OBJC_ROOT_CLASS = YES_ERROR;
				CLANG_WARN__DUPLICATE_METHOD_MATCH = YES;
				"CODE_SIGN_IDENTITY[sdk=iphoneos*]" = "iPhone Developer";
				COPY_PHASE_STRIP = YES;
				ENABLE_NS_ASSERTIONS = NO;
				GCC_C_LANGUAGE_STANDARD = gnu99;
				GCC_WARN_64_TO_32_BIT_CONVERSION = YES;
				GCC_WARN_ABOUT_RETURN_TYPE = YES_ERROR;
				GCC_WARN_UNDECLARED_SELECTOR = YES;
				GCC_WARN_UNINITIALIZED_AUTOS = YES_AGGRESSIVE;
				GCC_WARN_UNUSED_FUNCTION = YES;
				GCC_WARN_UNUSED_VARIABLE = YES;
				IPHONEOS_DEPLOYMENT_TARGET = 7.1;
				SDKROOT = iphoneos;
				VALIDATE_PRODUCT = YES;
			};
			name = Release;
		};
		525748B5191936E8002907B7 /* Debug */ = {
			isa = XCBuildConfiguration;
			buildSettings = {
				ASSETCATALOG_COMPILER_APPICON_NAME = AppIcon;
				ASSETCATALOG_COMPILER_LAUNCHIMAGE_NAME = LaunchImage;
				GCC_PRECOMPILE_PREFIX_HEADER = YES;
				GCC_PREFIX_HEADER = "FileFolder5/FileFolder5-Prefix.pch";
				INFOPLIST_FILE = "FileFolder5/FileFolder5-Info.plist";
				PRODUCT_NAME = "$(TARGET_NAME)";
				WRAPPER_EXTENSION = app;
			};
			name = Debug;
		};
		525748B6191936E8002907B7 /* Release */ = {
			isa = XCBuildConfiguration;
			buildSettings = {
				ASSETCATALOG_COMPILER_APPICON_NAME = AppIcon;
				ASSETCATALOG_COMPILER_LAUNCHIMAGE_NAME = LaunchImage;
				GCC_PRECOMPILE_PREFIX_HEADER = YES;
				GCC_PREFIX_HEADER = "FileFolder5/FileFolder5-Prefix.pch";
				INFOPLIST_FILE = "FileFolder5/FileFolder5-Info.plist";
				PRODUCT_NAME = "$(TARGET_NAME)";
				WRAPPER_EXTENSION = app;
			};
			name = Release;
		};
		525748B8191936E8002907B7 /* Debug */ = {
			isa = XCBuildConfiguration;
			buildSettings = {
				BUNDLE_LOADER = "$(BUILT_PRODUCTS_DIR)/FileFolder5.app/FileFolder5";
				FRAMEWORK_SEARCH_PATHS = (
					"$(SDKROOT)/Developer/Library/Frameworks",
					"$(inherited)",
					"$(DEVELOPER_FRAMEWORKS_DIR)",
				);
				GCC_PRECOMPILE_PREFIX_HEADER = YES;
				GCC_PREFIX_HEADER = "FileFolder5/FileFolder5-Prefix.pch";
				GCC_PREPROCESSOR_DEFINITIONS = (
					"DEBUG=1",
					"$(inherited)",
				);
				INFOPLIST_FILE = "FileFolder5Tests/FileFolder5Tests-Info.plist";
				PRODUCT_NAME = "$(TARGET_NAME)";
				TEST_HOST = "$(BUNDLE_LOADER)";
				WRAPPER_EXTENSION = xctest;
			};
			name = Debug;
		};
		525748B9191936E8002907B7 /* Release */ = {
			isa = XCBuildConfiguration;
			buildSettings = {
				BUNDLE_LOADER = "$(BUILT_PRODUCTS_DIR)/FileFolder5.app/FileFolder5";
				FRAMEWORK_SEARCH_PATHS = (
					"$(SDKROOT)/Developer/Library/Frameworks",
					"$(inherited)",
					"$(DEVELOPER_FRAMEWORKS_DIR)",
				);
				GCC_PRECOMPILE_PREFIX_HEADER = YES;
				GCC_PREFIX_HEADER = "FileFolder5/FileFolder5-Prefix.pch";
				INFOPLIST_FILE = "FileFolder5Tests/FileFolder5Tests-Info.plist";
				PRODUCT_NAME = "$(TARGET_NAME)";
				TEST_HOST = "$(BUNDLE_LOADER)";
				WRAPPER_EXTENSION = xctest;
			};
			name = Release;
		};
/* End XCBuildConfiguration section */

/* Begin XCConfigurationList section */
		5257487D191936E8002907B7 /* Build configuration list for PBXProject "FileFolder5" */ = {
			isa = XCConfigurationList;
			buildConfigurations = (
				525748B2191936E8002907B7 /* Debug */,
				525748B3191936E8002907B7 /* Release */,
			);
			defaultConfigurationIsVisible = 0;
			defaultConfigurationName = Release;
		};
		525748B4191936E8002907B7 /* Build configuration list for PBXNativeTarget "FileFolder5" */ = {
			isa = XCConfigurationList;
			buildConfigurations = (
				525748B5191936E8002907B7 /* Debug */,
				525748B6191936E8002907B7 /* Release */,
			);
			defaultConfigurationIsVisible = 0;
		};
		525748B7191936E8002907B7 /* Build configuration list for PBXNativeTarget "FileFolder5Tests" */ = {
			isa = XCConfigurationList;
			buildConfigurations = (
				525748B8191936E8002907B7 /* Debug */,
				525748B9191936E8002907B7 /* Release */,
			);
			defaultConfigurationIsVisible = 0;
		};
/* End XCConfigurationList section */
	};
	rootObject = 5257487A191936E8002907B7 /* Project object */;
}
